
Microsoft Visual Studio Solution File, Format Version 12.00
# Visual Studio Version 17
VisualStudioVersion = 17.5.33502.453
MinimumVisualStudioVersion = 10.0.40219.1
Project("{2150E333-8FDC-42A3-9474-1A3956D46DE8}") = "Web", "Web", "{E389DEB6-5F90-444B-A054-12A10D39C76F}"
EndProject
Project("{9A19103F-16F7-4668-BE54-9A1E7A4F7556}") = "TizianaTerenzi.Web", "Web\TizianaTerenzi.Web\TizianaTerenzi.Web.csproj", "{B90D1067-FE4C-400E-BA78-5413E30AB9ED}"
EndProject
Project("{2150E333-8FDC-42A3-9474-1A3956D46DE8}") = "Data", "Data", "{ACBE44C4-E198-45E2-BA02-6655250A0006}"
EndProject
Project("{9A19103F-16F7-4668-BE54-9A1E7A4F7556}") = "TizianaTerenzi.Data.Models", "Data\TizianaTerenzi.Data.Models\TizianaTerenzi.Data.Models.csproj", "{E9FDB52F-52DC-48B2-86E1-0176377BB53F}"
EndProject
Project("{2150E333-8FDC-42A3-9474-1A3956D46DE8}") = "Services", "Services", "{516E002B-9E6E-4456-B7F6-EAA353966DE6}"
EndProject
Project("{2150E333-8FDC-42A3-9474-1A3956D46DE8}") = "Tests", "Tests", "{7A731632-6714-44E2-A9E4-069EBA9E666C}"
EndProject
Project("{9A19103F-16F7-4668-BE54-9A1E7A4F7556}") = "TizianaTerenzi.Services", "Services\TizianaTerenzi.Services\TizianaTerenzi.Services.csproj", "{8522212F-F01E-4E20-9975-FCF5E10D71DB}"
EndProject
Project("{9A19103F-16F7-4668-BE54-9A1E7A4F7556}") = "TizianaTerenzi.Services.Messaging", "Services\TizianaTerenzi.Services.Messaging\TizianaTerenzi.Services.Messaging.csproj", "{43FDC0C4-F250-45DE-93F8-3CA8A9247CC9}"
EndProject
Project("{9A19103F-16F7-4668-BE54-9A1E7A4F7556}") = "TizianaTerenzi.Data", "Data\TizianaTerenzi.Data\TizianaTerenzi.Data.csproj", "{4B844ECB-E845-49A6-8B31-85E577933598}"
EndProject
Project("{9A19103F-16F7-4668-BE54-9A1E7A4F7556}") = "TizianaTerenzi.Data.Common", "Data\TizianaTerenzi.Data.Common\TizianaTerenzi.Data.Common.csproj", "{D0D59508-CF8B-4656-A344-396C530BB9DF}"
EndProject
Project("{9A19103F-16F7-4668-BE54-9A1E7A4F7556}") = "TizianaTerenzi.Common", "TizianaTerenzi.Common\TizianaTerenzi.Common.csproj", "{A2288C46-0FBF-43B6-80B6-3072FD65BC32}"
EndProject
Project("{9A19103F-16F7-4668-BE54-9A1E7A4F7556}") = "TizianaTerenzi.Web.Infrastructure", "Web\TizianaTerenzi.Web.Infrastructure\TizianaTerenzi.Web.Infrastructure.csproj", "{7A7A7986-1F5B-4EBD-9B17-8B41F8FABA58}"
EndProject
Project("{9A19103F-16F7-4668-BE54-9A1E7A4F7556}") = "TizianaTerenzi.Services.Data", "Services\TizianaTerenzi.Services.Data\TizianaTerenzi.Services.Data.csproj", "{4D39C126-3FB5-4B26-B08C-1BF48EFFA23E}"
EndProject
Project("{9A19103F-16F7-4668-BE54-9A1E7A4F7556}") = "TizianaTerenzi.Services.Mapping", "Services\TizianaTerenzi.Services.Mapping\TizianaTerenzi.Services.Mapping.csproj", "{415FD7FA-0453-4FE1-9A29-C6E1D8B45C3D}"
EndProject
Project("{9A19103F-16F7-4668-BE54-9A1E7A4F7556}") = "Sandbox", "Tests\Sandbox\Sandbox.csproj", "{8AB6B92A-0837-4BDE-B950-10BE3FF2B6A8}"
EndProject
Project("{9A19103F-16F7-4668-BE54-9A1E7A4F7556}") = "TizianaTerenzi.Services.Data.Tests", "Tests\TizianaTerenzi.Services.Data.Tests\TizianaTerenzi.Services.Data.Tests.csproj", "{901AB2DA-6E52-4FB2-91F0-58EB0115F2F7}"
EndProject
Project("{9A19103F-16F7-4668-BE54-9A1E7A4F7556}") = "TizianaTerenzi.Web.Tests", "Tests\TizianaTerenzi.Web.Tests\TizianaTerenzi.Web.Tests.csproj", "{3EE06C6E-C8F3-418A-A309-8AC81976A074}"
EndProject
Project("{9A19103F-16F7-4668-BE54-9A1E7A4F7556}") = "TizianaTerenzi.Web.ViewModels", "Web\TizianaTerenzi.Web.ViewModels\TizianaTerenzi.Web.ViewModels.csproj", "{13B7AACB-9C85-4409-8D4B-95A67D0DFFF7}"
EndProject
Project("{9A19103F-16F7-4668-BE54-9A1E7A4F7556}") = "TizianaTerenzi.Services.Tests", "Tests\TizianaTerenzi.Services.Tests\TizianaTerenzi.Services.Tests.csproj", "{952FA8A6-7BEB-419B-B8E6-20A1F590A7F3}"
EndProject
Project("{9A19103F-16F7-4668-BE54-9A1E7A4F7556}") = "TizianaTerenzi.Services.Models", "Services\TizianaTerenzi.Services.Models\TizianaTerenzi.Services.Models\TizianaTerenzi.Services.Models.csproj", "{C4C3FF64-5EAC-4EB3-AC77-62A98A2C2C6D}"
EndProject
Project("{9A19103F-16F7-4668-BE54-9A1E7A4F7556}") = "TizianaTerenzi.Controllers.Tests", "Tests\TizianaTerenzi.Controllers.Tests\TizianaTerenzi.Controllers.Tests.csproj", "{A696B4D5-111E-4151-8180-65984B2DAD9C}"
EndProject
Project("{2150E333-8FDC-42A3-9474-1A3956D46DE8}") = "Identity", "Identity", "{8888319C-A20F-4CB0-B4F4-F0968DF6F085}"
EndProject
Project("{2150E333-8FDC-42A3-9474-1A3956D46DE8}") = "Data", "Data", "{A22C5987-CEE9-4202-9B0F-C953A515E881}"
EndProject
Project("{2150E333-8FDC-42A3-9474-1A3956D46DE8}") = "Services", "Services", "{E249A78F-4667-4F82-B380-7C4D446245F4}"
EndProject
Project("{2150E333-8FDC-42A3-9474-1A3956D46DE8}") = "Web", "Web", "{53508201-FA99-481C-9727-B57930D95224}"
EndProject
Project("{2150E333-8FDC-42A3-9474-1A3956D46DE8}") = "Products", "Products", "{B6833231-3DDF-4A91-9FED-BB457F97DB25}"
EndProject
Project("{2150E333-8FDC-42A3-9474-1A3956D46DE8}") = "Data", "Data", "{7CD15682-5FAF-4CC6-BC6B-D5F31C5C587C}"
EndProject
Project("{2150E333-8FDC-42A3-9474-1A3956D46DE8}") = "Services", "Services", "{FDCA4AF6-5222-4221-8DDA-4BD48AA36499}"
EndProject
Project("{2150E333-8FDC-42A3-9474-1A3956D46DE8}") = "Web", "Web", "{2D45B11C-FD11-4CE1-8B97-60BEE719A3EB}"
EndProject
Project("{9A19103F-16F7-4668-BE54-9A1E7A4F7556}") = "TizianaTerenzi.Products.Data", "Products\Data\TizianaTerenzi.Products.Data\TizianaTerenzi.Products.Data.csproj", "{5EE4BEC2-B078-4AC5-B703-6E4878DEBCE0}"
EndProject
Project("{9A19103F-16F7-4668-BE54-9A1E7A4F7556}") = "TizianaTerenzi.Products.Data.Models", "Products\Data\TizianaTerenzi.Products.Data.Models\TizianaTerenzi.Products.Data.Models.csproj", "{DAEA1F9B-A204-4A91-B819-147B40E6ED99}"
EndProject
Project("{9A19103F-16F7-4668-BE54-9A1E7A4F7556}") = "TizianaTerenzi.Identity.Data.Models", "Identity\Data\TizianaTerenzi.Identity.Data.Models\TizianaTerenzi.Identity.Data.Models.csproj", "{338D0316-B108-420D-82B1-7B47F9DF926A}"
EndProject
Project("{9A19103F-16F7-4668-BE54-9A1E7A4F7556}") = "TizianaTerenzi.Identity.Data", "Identity\Data\TizianaTerenzi.Identity.Data\TizianaTerenzi.Identity.Data.csproj", "{0C9DBC35-758E-42F5-9054-20C658672BC4}"
EndProject
Project("{2150E333-8FDC-42A3-9474-1A3956D46DE8}") = "Common", "Common", "{7C7B6CBA-4B3C-4DC8-9909-19F14BEE7C90}"
EndProject
Project("{9A19103F-16F7-4668-BE54-9A1E7A4F7556}") = "TizianaTerenzi.Identity.Services.Data", "Identity\Services\TizianaTerenzi.Identity.Services.Data\TizianaTerenzi.Identity.Services.Data.csproj", "{82DA2B18-FD99-42F4-9136-B8F2968AE9A1}"
EndProject
Project("{9A19103F-16F7-4668-BE54-9A1E7A4F7556}") = "TizianaTerenzi.Identity.Web.Models", "Identity\Web\TizianaTerenzi.Identity.Web.Models\TizianaTerenzi.Identity.Web.Models.csproj", "{694F7C54-CE98-4D60-9980-8263C3AC77EE}"
EndProject
Project("{9A19103F-16F7-4668-BE54-9A1E7A4F7556}") = "TizianaTerenzi.Identity.Services", "Identity\Services\TizianaTerenzi.Identity.Services\TizianaTerenzi.Identity.Services.csproj", "{F25BB9F6-AB6E-4A5B-83CE-1675763ED744}"
EndProject
Project("{9A19103F-16F7-4668-BE54-9A1E7A4F7556}") = "TizianaTerenzi.Identity.Services.Models", "Identity\Services\TizianaTerenzi.Identity.Services.Models\TizianaTerenzi.Identity.Services.Models.csproj", "{B00D65F4-C3F7-4B4C-8248-BA5753C033F8}"
EndProject
Project("{9A19103F-16F7-4668-BE54-9A1E7A4F7556}") = "TizianaTerenzi.Products.Services.Data", "Products\Services\TizianaTerenzi.Products.Services.Data\TizianaTerenzi.Products.Services.Data.csproj", "{58EAA8FF-5BE4-4B79-BF9C-7231465FC6B5}"
EndProject
Project("{9A19103F-16F7-4668-BE54-9A1E7A4F7556}") = "TizianaTerenzi.Identity.Web", "Identity\Web\TizianaTerenzi.Identity.Web\TizianaTerenzi.Identity.Web.csproj", "{75ECAF22-8B70-4840-8AC6-D354ABBADB39}"
EndProject
Project("{9A19103F-16F7-4668-BE54-9A1E7A4F7556}") = "TizianaTerenzi.Products.Web", "Products\Web\TizianaTerenzi.Products.Web\TizianaTerenzi.Products.Web.csproj", "{5BD9FB6D-AAD8-48C4-8F99-6C5CA551D7B5}"
EndProject
Project("{9A19103F-16F7-4668-BE54-9A1E7A4F7556}") = "TizianaTerenzi.Products.Web.Models", "Products\Web\TizianaTerenzi.Products.Web.Models\TizianaTerenzi.Products.Web.Models.csproj", "{62E5C1FF-BFF2-4827-95C1-6FC8ED37EC9E}"
EndProject
Project("{9A19103F-16F7-4668-BE54-9A1E7A4F7556}") = "TizianaTerenzi.Products.Services", "Products\Services\TizianaTerenzi.Products.Services\TizianaTerenzi.Products.Services.csproj", "{C638E76C-5E75-4A8C-A496-EFD8D9C942C8}"
EndProject
Project("{9A19103F-16F7-4668-BE54-9A1E7A4F7556}") = "TizianaTerenzi.Common.Data", "Common\TizianaTerenzi.Common.Data\TizianaTerenzi.Common.Data.csproj", "{809AC078-C7F9-48DC-B132-B7730F92C3B1}"
EndProject
Project("{9A19103F-16F7-4668-BE54-9A1E7A4F7556}") = "TizianaTerenzi.Common.Services", "Common\TizianaTerenzi.Common.Services\TizianaTerenzi.Common.Services.csproj", "{BE56F011-5FFE-4E7D-AD7F-2F6A0F104270}"
EndProject
Project("{9A19103F-16F7-4668-BE54-9A1E7A4F7556}") = "TizianaTerenzi.Common.Web", "Common\TizianaTerenzi.Common.Web\TizianaTerenzi.Common.Web.csproj", "{4B5B4BD4-8706-415F-A3A0-B306A773B617}"
EndProject
Project("{9A19103F-16F7-4668-BE54-9A1E7A4F7556}") = "TizianaTerenzi.Common.Web.Infrastructure", "Common\TizianaTerenzi.Common.Web.Infrastructure\TizianaTerenzi.Common.Web.Infrastructure.csproj", "{2A58BADE-0A68-43F3-B532-0A30261891E8}"
EndProject
Project("{9A19103F-16F7-4668-BE54-9A1E7A4F7556}") = "TizianaTerenzi.Common", "Common\TizianaTerenzi.Common\TizianaTerenzi.Common.csproj", "{8F29C9EB-5FDA-4D6E-828B-477EC9E63EB8}"
EndProject
Project("{9A19103F-16F7-4668-BE54-9A1E7A4F7556}") = "TizianaTerenzi.Common.Services.Mapping", "Common\TizianaTerenzi.Common.Services.Mapping\TizianaTerenzi.Common.Services.Mapping.csproj", "{16BBEBB9-49D7-47C4-9F97-84C241374C91}"
EndProject
Project("{2150E333-8FDC-42A3-9474-1A3956D46DE8}") = "Cart", "Cart", "{01A2B59A-F77E-4508-B122-AC6EC258C16F}"
EndProject
Project("{2150E333-8FDC-42A3-9474-1A3956D46DE8}") = "Data", "Data", "{B0A53D31-C748-4C8E-A285-78CF71D304F2}"
EndProject
Project("{2150E333-8FDC-42A3-9474-1A3956D46DE8}") = "Services", "Services", "{6273EE97-45F3-41D6-8C4D-C45596A95820}"
EndProject
Project("{2150E333-8FDC-42A3-9474-1A3956D46DE8}") = "Web", "Web", "{68380D1F-34BB-4D56-B0DA-56B75B6F751F}"
EndProject
Project("{FAE04EC0-301F-11D3-BF4B-00C04F79EFBC}") = "TizianaTerenzi.Cart.Data", "Cart\Data\TizianaTerenzi.Cart.Data\TizianaTerenzi.Cart.Data.csproj", "{DF8FBA8B-D29D-4492-A345-C31ABA2D6259}"
EndProject
Project("{FAE04EC0-301F-11D3-BF4B-00C04F79EFBC}") = "TizianaTerenzi.Cart.Data.Models", "Cart\Data\TizianaTerenzi.Cart.Data.Models\TizianaTerenzi.Cart.Data.Models.csproj", "{38929DB4-FF47-499A-B84F-D3C89F8D0447}"
EndProject
Project("{FAE04EC0-301F-11D3-BF4B-00C04F79EFBC}") = "TizianaTerenzi.Cart.Services.Data", "Cart\Services\TizianaTerenzi.Cart.Services.Data\TizianaTerenzi.Cart.Services.Data.csproj", "{97E9BD4B-D0BD-46D6-A5CE-B75A349EE8F3}"
EndProject
Project("{FAE04EC0-301F-11D3-BF4B-00C04F79EFBC}") = "TizianaTerenzi.Cart.Web", "Cart\Web\TizianaTerenzi.Cart.Web\TizianaTerenzi.Cart.Web.csproj", "{89B79726-C0CB-412B-BCBC-679395C11984}"
EndProject
Project("{FAE04EC0-301F-11D3-BF4B-00C04F79EFBC}") = "TizianaTerenzi.Cart.Web.Models", "Cart\Web\TizianaTerenzi.Cart.Web.Models\TizianaTerenzi.Cart.Web.Models.csproj", "{D0F44CB3-52CB-485E-9661-0004F834337B}"
EndProject
Global
	GlobalSection(SolutionConfigurationPlatforms) = preSolution
		Debug|Any CPU = Debug|Any CPU
		Release|Any CPU = Release|Any CPU
	EndGlobalSection
	GlobalSection(ProjectConfigurationPlatforms) = postSolution
		{B90D1067-FE4C-400E-BA78-5413E30AB9ED}.Debug|Any CPU.ActiveCfg = Debug|Any CPU
		{B90D1067-FE4C-400E-BA78-5413E30AB9ED}.Debug|Any CPU.Build.0 = Debug|Any CPU
		{B90D1067-FE4C-400E-BA78-5413E30AB9ED}.Release|Any CPU.ActiveCfg = Release|Any CPU
		{B90D1067-FE4C-400E-BA78-5413E30AB9ED}.Release|Any CPU.Build.0 = Release|Any CPU
		{E9FDB52F-52DC-48B2-86E1-0176377BB53F}.Debug|Any CPU.ActiveCfg = Debug|Any CPU
		{E9FDB52F-52DC-48B2-86E1-0176377BB53F}.Debug|Any CPU.Build.0 = Debug|Any CPU
		{E9FDB52F-52DC-48B2-86E1-0176377BB53F}.Release|Any CPU.ActiveCfg = Release|Any CPU
		{E9FDB52F-52DC-48B2-86E1-0176377BB53F}.Release|Any CPU.Build.0 = Release|Any CPU
		{8522212F-F01E-4E20-9975-FCF5E10D71DB}.Debug|Any CPU.ActiveCfg = Debug|Any CPU
		{8522212F-F01E-4E20-9975-FCF5E10D71DB}.Debug|Any CPU.Build.0 = Debug|Any CPU
		{8522212F-F01E-4E20-9975-FCF5E10D71DB}.Release|Any CPU.ActiveCfg = Release|Any CPU
		{8522212F-F01E-4E20-9975-FCF5E10D71DB}.Release|Any CPU.Build.0 = Release|Any CPU
		{43FDC0C4-F250-45DE-93F8-3CA8A9247CC9}.Debug|Any CPU.ActiveCfg = Debug|Any CPU
		{43FDC0C4-F250-45DE-93F8-3CA8A9247CC9}.Debug|Any CPU.Build.0 = Debug|Any CPU
		{43FDC0C4-F250-45DE-93F8-3CA8A9247CC9}.Release|Any CPU.ActiveCfg = Release|Any CPU
		{43FDC0C4-F250-45DE-93F8-3CA8A9247CC9}.Release|Any CPU.Build.0 = Release|Any CPU
		{4B844ECB-E845-49A6-8B31-85E577933598}.Debug|Any CPU.ActiveCfg = Debug|Any CPU
		{4B844ECB-E845-49A6-8B31-85E577933598}.Debug|Any CPU.Build.0 = Debug|Any CPU
		{4B844ECB-E845-49A6-8B31-85E577933598}.Release|Any CPU.ActiveCfg = Release|Any CPU
		{4B844ECB-E845-49A6-8B31-85E577933598}.Release|Any CPU.Build.0 = Release|Any CPU
		{D0D59508-CF8B-4656-A344-396C530BB9DF}.Debug|Any CPU.ActiveCfg = Debug|Any CPU
		{D0D59508-CF8B-4656-A344-396C530BB9DF}.Debug|Any CPU.Build.0 = Debug|Any CPU
		{D0D59508-CF8B-4656-A344-396C530BB9DF}.Release|Any CPU.ActiveCfg = Release|Any CPU
		{D0D59508-CF8B-4656-A344-396C530BB9DF}.Release|Any CPU.Build.0 = Release|Any CPU
		{A2288C46-0FBF-43B6-80B6-3072FD65BC32}.Debug|Any CPU.ActiveCfg = Debug|Any CPU
		{A2288C46-0FBF-43B6-80B6-3072FD65BC32}.Debug|Any CPU.Build.0 = Debug|Any CPU
		{A2288C46-0FBF-43B6-80B6-3072FD65BC32}.Release|Any CPU.ActiveCfg = Release|Any CPU
		{A2288C46-0FBF-43B6-80B6-3072FD65BC32}.Release|Any CPU.Build.0 = Release|Any CPU
		{7A7A7986-1F5B-4EBD-9B17-8B41F8FABA58}.Debug|Any CPU.ActiveCfg = Debug|Any CPU
		{7A7A7986-1F5B-4EBD-9B17-8B41F8FABA58}.Debug|Any CPU.Build.0 = Debug|Any CPU
		{7A7A7986-1F5B-4EBD-9B17-8B41F8FABA58}.Release|Any CPU.ActiveCfg = Release|Any CPU
		{7A7A7986-1F5B-4EBD-9B17-8B41F8FABA58}.Release|Any CPU.Build.0 = Release|Any CPU
		{4D39C126-3FB5-4B26-B08C-1BF48EFFA23E}.Debug|Any CPU.ActiveCfg = Debug|Any CPU
		{4D39C126-3FB5-4B26-B08C-1BF48EFFA23E}.Debug|Any CPU.Build.0 = Debug|Any CPU
		{4D39C126-3FB5-4B26-B08C-1BF48EFFA23E}.Release|Any CPU.ActiveCfg = Release|Any CPU
		{4D39C126-3FB5-4B26-B08C-1BF48EFFA23E}.Release|Any CPU.Build.0 = Release|Any CPU
		{415FD7FA-0453-4FE1-9A29-C6E1D8B45C3D}.Debug|Any CPU.ActiveCfg = Debug|Any CPU
		{415FD7FA-0453-4FE1-9A29-C6E1D8B45C3D}.Debug|Any CPU.Build.0 = Debug|Any CPU
		{415FD7FA-0453-4FE1-9A29-C6E1D8B45C3D}.Release|Any CPU.ActiveCfg = Release|Any CPU
		{415FD7FA-0453-4FE1-9A29-C6E1D8B45C3D}.Release|Any CPU.Build.0 = Release|Any CPU
		{8AB6B92A-0837-4BDE-B950-10BE3FF2B6A8}.Debug|Any CPU.ActiveCfg = Debug|Any CPU
		{8AB6B92A-0837-4BDE-B950-10BE3FF2B6A8}.Debug|Any CPU.Build.0 = Debug|Any CPU
		{8AB6B92A-0837-4BDE-B950-10BE3FF2B6A8}.Release|Any CPU.ActiveCfg = Release|Any CPU
		{8AB6B92A-0837-4BDE-B950-10BE3FF2B6A8}.Release|Any CPU.Build.0 = Release|Any CPU
		{901AB2DA-6E52-4FB2-91F0-58EB0115F2F7}.Debug|Any CPU.ActiveCfg = Debug|Any CPU
		{901AB2DA-6E52-4FB2-91F0-58EB0115F2F7}.Debug|Any CPU.Build.0 = Debug|Any CPU
		{901AB2DA-6E52-4FB2-91F0-58EB0115F2F7}.Release|Any CPU.ActiveCfg = Release|Any CPU
		{901AB2DA-6E52-4FB2-91F0-58EB0115F2F7}.Release|Any CPU.Build.0 = Release|Any CPU
		{3EE06C6E-C8F3-418A-A309-8AC81976A074}.Debug|Any CPU.ActiveCfg = Debug|Any CPU
		{3EE06C6E-C8F3-418A-A309-8AC81976A074}.Debug|Any CPU.Build.0 = Debug|Any CPU
		{3EE06C6E-C8F3-418A-A309-8AC81976A074}.Release|Any CPU.ActiveCfg = Release|Any CPU
		{3EE06C6E-C8F3-418A-A309-8AC81976A074}.Release|Any CPU.Build.0 = Release|Any CPU
		{13B7AACB-9C85-4409-8D4B-95A67D0DFFF7}.Debug|Any CPU.ActiveCfg = Debug|Any CPU
		{13B7AACB-9C85-4409-8D4B-95A67D0DFFF7}.Debug|Any CPU.Build.0 = Debug|Any CPU
		{13B7AACB-9C85-4409-8D4B-95A67D0DFFF7}.Release|Any CPU.ActiveCfg = Release|Any CPU
		{13B7AACB-9C85-4409-8D4B-95A67D0DFFF7}.Release|Any CPU.Build.0 = Release|Any CPU
		{952FA8A6-7BEB-419B-B8E6-20A1F590A7F3}.Debug|Any CPU.ActiveCfg = Debug|Any CPU
		{952FA8A6-7BEB-419B-B8E6-20A1F590A7F3}.Debug|Any CPU.Build.0 = Debug|Any CPU
		{952FA8A6-7BEB-419B-B8E6-20A1F590A7F3}.Release|Any CPU.ActiveCfg = Release|Any CPU
		{952FA8A6-7BEB-419B-B8E6-20A1F590A7F3}.Release|Any CPU.Build.0 = Release|Any CPU
		{C4C3FF64-5EAC-4EB3-AC77-62A98A2C2C6D}.Debug|Any CPU.ActiveCfg = Debug|Any CPU
		{C4C3FF64-5EAC-4EB3-AC77-62A98A2C2C6D}.Debug|Any CPU.Build.0 = Debug|Any CPU
		{C4C3FF64-5EAC-4EB3-AC77-62A98A2C2C6D}.Release|Any CPU.ActiveCfg = Release|Any CPU
		{C4C3FF64-5EAC-4EB3-AC77-62A98A2C2C6D}.Release|Any CPU.Build.0 = Release|Any CPU
		{A696B4D5-111E-4151-8180-65984B2DAD9C}.Debug|Any CPU.ActiveCfg = Debug|Any CPU
		{A696B4D5-111E-4151-8180-65984B2DAD9C}.Debug|Any CPU.Build.0 = Debug|Any CPU
		{A696B4D5-111E-4151-8180-65984B2DAD9C}.Release|Any CPU.ActiveCfg = Release|Any CPU
		{A696B4D5-111E-4151-8180-65984B2DAD9C}.Release|Any CPU.Build.0 = Release|Any CPU
		{5EE4BEC2-B078-4AC5-B703-6E4878DEBCE0}.Debug|Any CPU.ActiveCfg = Debug|Any CPU
		{5EE4BEC2-B078-4AC5-B703-6E4878DEBCE0}.Debug|Any CPU.Build.0 = Debug|Any CPU
		{5EE4BEC2-B078-4AC5-B703-6E4878DEBCE0}.Release|Any CPU.ActiveCfg = Release|Any CPU
		{5EE4BEC2-B078-4AC5-B703-6E4878DEBCE0}.Release|Any CPU.Build.0 = Release|Any CPU
		{DAEA1F9B-A204-4A91-B819-147B40E6ED99}.Debug|Any CPU.ActiveCfg = Debug|Any CPU
		{DAEA1F9B-A204-4A91-B819-147B40E6ED99}.Debug|Any CPU.Build.0 = Debug|Any CPU
		{DAEA1F9B-A204-4A91-B819-147B40E6ED99}.Release|Any CPU.ActiveCfg = Release|Any CPU
		{DAEA1F9B-A204-4A91-B819-147B40E6ED99}.Release|Any CPU.Build.0 = Release|Any CPU
		{338D0316-B108-420D-82B1-7B47F9DF926A}.Debug|Any CPU.ActiveCfg = Debug|Any CPU
		{338D0316-B108-420D-82B1-7B47F9DF926A}.Debug|Any CPU.Build.0 = Debug|Any CPU
		{338D0316-B108-420D-82B1-7B47F9DF926A}.Release|Any CPU.ActiveCfg = Release|Any CPU
		{338D0316-B108-420D-82B1-7B47F9DF926A}.Release|Any CPU.Build.0 = Release|Any CPU
		{0C9DBC35-758E-42F5-9054-20C658672BC4}.Debug|Any CPU.ActiveCfg = Debug|Any CPU
		{0C9DBC35-758E-42F5-9054-20C658672BC4}.Debug|Any CPU.Build.0 = Debug|Any CPU
		{0C9DBC35-758E-42F5-9054-20C658672BC4}.Release|Any CPU.ActiveCfg = Release|Any CPU
		{0C9DBC35-758E-42F5-9054-20C658672BC4}.Release|Any CPU.Build.0 = Release|Any CPU
		{82DA2B18-FD99-42F4-9136-B8F2968AE9A1}.Debug|Any CPU.ActiveCfg = Debug|Any CPU
		{82DA2B18-FD99-42F4-9136-B8F2968AE9A1}.Debug|Any CPU.Build.0 = Debug|Any CPU
		{82DA2B18-FD99-42F4-9136-B8F2968AE9A1}.Release|Any CPU.ActiveCfg = Release|Any CPU
		{82DA2B18-FD99-42F4-9136-B8F2968AE9A1}.Release|Any CPU.Build.0 = Release|Any CPU
		{694F7C54-CE98-4D60-9980-8263C3AC77EE}.Debug|Any CPU.ActiveCfg = Debug|Any CPU
		{694F7C54-CE98-4D60-9980-8263C3AC77EE}.Debug|Any CPU.Build.0 = Debug|Any CPU
		{694F7C54-CE98-4D60-9980-8263C3AC77EE}.Release|Any CPU.ActiveCfg = Release|Any CPU
		{694F7C54-CE98-4D60-9980-8263C3AC77EE}.Release|Any CPU.Build.0 = Release|Any CPU
		{F25BB9F6-AB6E-4A5B-83CE-1675763ED744}.Debug|Any CPU.ActiveCfg = Debug|Any CPU
		{F25BB9F6-AB6E-4A5B-83CE-1675763ED744}.Debug|Any CPU.Build.0 = Debug|Any CPU
		{F25BB9F6-AB6E-4A5B-83CE-1675763ED744}.Release|Any CPU.ActiveCfg = Release|Any CPU
		{F25BB9F6-AB6E-4A5B-83CE-1675763ED744}.Release|Any CPU.Build.0 = Release|Any CPU
		{B00D65F4-C3F7-4B4C-8248-BA5753C033F8}.Debug|Any CPU.ActiveCfg = Debug|Any CPU
		{B00D65F4-C3F7-4B4C-8248-BA5753C033F8}.Debug|Any CPU.Build.0 = Debug|Any CPU
		{B00D65F4-C3F7-4B4C-8248-BA5753C033F8}.Release|Any CPU.ActiveCfg = Release|Any CPU
		{B00D65F4-C3F7-4B4C-8248-BA5753C033F8}.Release|Any CPU.Build.0 = Release|Any CPU
		{58EAA8FF-5BE4-4B79-BF9C-7231465FC6B5}.Debug|Any CPU.ActiveCfg = Debug|Any CPU
		{58EAA8FF-5BE4-4B79-BF9C-7231465FC6B5}.Debug|Any CPU.Build.0 = Debug|Any CPU
		{58EAA8FF-5BE4-4B79-BF9C-7231465FC6B5}.Release|Any CPU.ActiveCfg = Release|Any CPU
		{58EAA8FF-5BE4-4B79-BF9C-7231465FC6B5}.Release|Any CPU.Build.0 = Release|Any CPU
		{75ECAF22-8B70-4840-8AC6-D354ABBADB39}.Debug|Any CPU.ActiveCfg = Debug|Any CPU
		{75ECAF22-8B70-4840-8AC6-D354ABBADB39}.Debug|Any CPU.Build.0 = Debug|Any CPU
		{75ECAF22-8B70-4840-8AC6-D354ABBADB39}.Release|Any CPU.ActiveCfg = Release|Any CPU
		{75ECAF22-8B70-4840-8AC6-D354ABBADB39}.Release|Any CPU.Build.0 = Release|Any CPU
		{5BD9FB6D-AAD8-48C4-8F99-6C5CA551D7B5}.Debug|Any CPU.ActiveCfg = Debug|Any CPU
		{5BD9FB6D-AAD8-48C4-8F99-6C5CA551D7B5}.Debug|Any CPU.Build.0 = Debug|Any CPU
		{5BD9FB6D-AAD8-48C4-8F99-6C5CA551D7B5}.Release|Any CPU.ActiveCfg = Release|Any CPU
		{5BD9FB6D-AAD8-48C4-8F99-6C5CA551D7B5}.Release|Any CPU.Build.0 = Release|Any CPU
		{62E5C1FF-BFF2-4827-95C1-6FC8ED37EC9E}.Debug|Any CPU.ActiveCfg = Debug|Any CPU
		{62E5C1FF-BFF2-4827-95C1-6FC8ED37EC9E}.Debug|Any CPU.Build.0 = Debug|Any CPU
		{62E5C1FF-BFF2-4827-95C1-6FC8ED37EC9E}.Release|Any CPU.ActiveCfg = Release|Any CPU
		{62E5C1FF-BFF2-4827-95C1-6FC8ED37EC9E}.Release|Any CPU.Build.0 = Release|Any CPU
		{C638E76C-5E75-4A8C-A496-EFD8D9C942C8}.Debug|Any CPU.ActiveCfg = Debug|Any CPU
		{C638E76C-5E75-4A8C-A496-EFD8D9C942C8}.Debug|Any CPU.Build.0 = Debug|Any CPU
		{C638E76C-5E75-4A8C-A496-EFD8D9C942C8}.Release|Any CPU.ActiveCfg = Release|Any CPU
		{C638E76C-5E75-4A8C-A496-EFD8D9C942C8}.Release|Any CPU.Build.0 = Release|Any CPU
		{809AC078-C7F9-48DC-B132-B7730F92C3B1}.Debug|Any CPU.ActiveCfg = Debug|Any CPU
		{809AC078-C7F9-48DC-B132-B7730F92C3B1}.Debug|Any CPU.Build.0 = Debug|Any CPU
		{809AC078-C7F9-48DC-B132-B7730F92C3B1}.Release|Any CPU.ActiveCfg = Release|Any CPU
		{809AC078-C7F9-48DC-B132-B7730F92C3B1}.Release|Any CPU.Build.0 = Release|Any CPU
		{BE56F011-5FFE-4E7D-AD7F-2F6A0F104270}.Debug|Any CPU.ActiveCfg = Debug|Any CPU
		{BE56F011-5FFE-4E7D-AD7F-2F6A0F104270}.Debug|Any CPU.Build.0 = Debug|Any CPU
		{BE56F011-5FFE-4E7D-AD7F-2F6A0F104270}.Release|Any CPU.ActiveCfg = Release|Any CPU
		{BE56F011-5FFE-4E7D-AD7F-2F6A0F104270}.Release|Any CPU.Build.0 = Release|Any CPU
		{4B5B4BD4-8706-415F-A3A0-B306A773B617}.Debug|Any CPU.ActiveCfg = Debug|Any CPU
		{4B5B4BD4-8706-415F-A3A0-B306A773B617}.Debug|Any CPU.Build.0 = Debug|Any CPU
		{4B5B4BD4-8706-415F-A3A0-B306A773B617}.Release|Any CPU.ActiveCfg = Release|Any CPU
		{4B5B4BD4-8706-415F-A3A0-B306A773B617}.Release|Any CPU.Build.0 = Release|Any CPU
		{2A58BADE-0A68-43F3-B532-0A30261891E8}.Debug|Any CPU.ActiveCfg = Debug|Any CPU
		{2A58BADE-0A68-43F3-B532-0A30261891E8}.Debug|Any CPU.Build.0 = Debug|Any CPU
		{2A58BADE-0A68-43F3-B532-0A30261891E8}.Release|Any CPU.ActiveCfg = Release|Any CPU
		{2A58BADE-0A68-43F3-B532-0A30261891E8}.Release|Any CPU.Build.0 = Release|Any CPU
		{8F29C9EB-5FDA-4D6E-828B-477EC9E63EB8}.Debug|Any CPU.ActiveCfg = Debug|Any CPU
		{8F29C9EB-5FDA-4D6E-828B-477EC9E63EB8}.Debug|Any CPU.Build.0 = Debug|Any CPU
		{8F29C9EB-5FDA-4D6E-828B-477EC9E63EB8}.Release|Any CPU.ActiveCfg = Release|Any CPU
		{8F29C9EB-5FDA-4D6E-828B-477EC9E63EB8}.Release|Any CPU.Build.0 = Release|Any CPU
		{16BBEBB9-49D7-47C4-9F97-84C241374C91}.Debug|Any CPU.ActiveCfg = Debug|Any CPU
		{16BBEBB9-49D7-47C4-9F97-84C241374C91}.Debug|Any CPU.Build.0 = Debug|Any CPU
		{16BBEBB9-49D7-47C4-9F97-84C241374C91}.Release|Any CPU.ActiveCfg = Release|Any CPU
		{16BBEBB9-49D7-47C4-9F97-84C241374C91}.Release|Any CPU.Build.0 = Release|Any CPU
		{DF8FBA8B-D29D-4492-A345-C31ABA2D6259}.Debug|Any CPU.ActiveCfg = Debug|Any CPU
		{DF8FBA8B-D29D-4492-A345-C31ABA2D6259}.Debug|Any CPU.Build.0 = Debug|Any CPU
		{DF8FBA8B-D29D-4492-A345-C31ABA2D6259}.Release|Any CPU.ActiveCfg = Release|Any CPU
		{DF8FBA8B-D29D-4492-A345-C31ABA2D6259}.Release|Any CPU.Build.0 = Release|Any CPU
		{38929DB4-FF47-499A-B84F-D3C89F8D0447}.Debug|Any CPU.ActiveCfg = Debug|Any CPU
		{38929DB4-FF47-499A-B84F-D3C89F8D0447}.Debug|Any CPU.Build.0 = Debug|Any CPU
		{38929DB4-FF47-499A-B84F-D3C89F8D0447}.Release|Any CPU.ActiveCfg = Release|Any CPU
		{38929DB4-FF47-499A-B84F-D3C89F8D0447}.Release|Any CPU.Build.0 = Release|Any CPU
		{97E9BD4B-D0BD-46D6-A5CE-B75A349EE8F3}.Debug|Any CPU.ActiveCfg = Debug|Any CPU
		{97E9BD4B-D0BD-46D6-A5CE-B75A349EE8F3}.Debug|Any CPU.Build.0 = Debug|Any CPU
		{97E9BD4B-D0BD-46D6-A5CE-B75A349EE8F3}.Release|Any CPU.ActiveCfg = Release|Any CPU
		{97E9BD4B-D0BD-46D6-A5CE-B75A349EE8F3}.Release|Any CPU.Build.0 = Release|Any CPU
		{89B79726-C0CB-412B-BCBC-679395C11984}.Debug|Any CPU.ActiveCfg = Debug|Any CPU
		{89B79726-C0CB-412B-BCBC-679395C11984}.Debug|Any CPU.Build.0 = Debug|Any CPU
		{89B79726-C0CB-412B-BCBC-679395C11984}.Release|Any CPU.ActiveCfg = Release|Any CPU
		{89B79726-C0CB-412B-BCBC-679395C11984}.Release|Any CPU.Build.0 = Release|Any CPU
		{D0F44CB3-52CB-485E-9661-0004F834337B}.Debug|Any CPU.ActiveCfg = Debug|Any CPU
		{D0F44CB3-52CB-485E-9661-0004F834337B}.Debug|Any CPU.Build.0 = Debug|Any CPU
		{D0F44CB3-52CB-485E-9661-0004F834337B}.Release|Any CPU.ActiveCfg = Release|Any CPU
		{D0F44CB3-52CB-485E-9661-0004F834337B}.Release|Any CPU.Build.0 = Release|Any CPU
	EndGlobalSection
	GlobalSection(SolutionProperties) = preSolution
		HideSolutionNode = FALSE
	EndGlobalSection
	GlobalSection(NestedProjects) = preSolution
		{B90D1067-FE4C-400E-BA78-5413E30AB9ED} = {E389DEB6-5F90-444B-A054-12A10D39C76F}
		{E9FDB52F-52DC-48B2-86E1-0176377BB53F} = {ACBE44C4-E198-45E2-BA02-6655250A0006}
		{8522212F-F01E-4E20-9975-FCF5E10D71DB} = {516E002B-9E6E-4456-B7F6-EAA353966DE6}
		{43FDC0C4-F250-45DE-93F8-3CA8A9247CC9} = {516E002B-9E6E-4456-B7F6-EAA353966DE6}
		{4B844ECB-E845-49A6-8B31-85E577933598} = {ACBE44C4-E198-45E2-BA02-6655250A0006}
		{D0D59508-CF8B-4656-A344-396C530BB9DF} = {ACBE44C4-E198-45E2-BA02-6655250A0006}
		{7A7A7986-1F5B-4EBD-9B17-8B41F8FABA58} = {E389DEB6-5F90-444B-A054-12A10D39C76F}
		{4D39C126-3FB5-4B26-B08C-1BF48EFFA23E} = {516E002B-9E6E-4456-B7F6-EAA353966DE6}
		{415FD7FA-0453-4FE1-9A29-C6E1D8B45C3D} = {516E002B-9E6E-4456-B7F6-EAA353966DE6}
		{8AB6B92A-0837-4BDE-B950-10BE3FF2B6A8} = {7A731632-6714-44E2-A9E4-069EBA9E666C}
		{901AB2DA-6E52-4FB2-91F0-58EB0115F2F7} = {7A731632-6714-44E2-A9E4-069EBA9E666C}
		{3EE06C6E-C8F3-418A-A309-8AC81976A074} = {7A731632-6714-44E2-A9E4-069EBA9E666C}
		{13B7AACB-9C85-4409-8D4B-95A67D0DFFF7} = {E389DEB6-5F90-444B-A054-12A10D39C76F}
		{952FA8A6-7BEB-419B-B8E6-20A1F590A7F3} = {7A731632-6714-44E2-A9E4-069EBA9E666C}
		{C4C3FF64-5EAC-4EB3-AC77-62A98A2C2C6D} = {516E002B-9E6E-4456-B7F6-EAA353966DE6}
		{A696B4D5-111E-4151-8180-65984B2DAD9C} = {7A731632-6714-44E2-A9E4-069EBA9E666C}
		{A22C5987-CEE9-4202-9B0F-C953A515E881} = {8888319C-A20F-4CB0-B4F4-F0968DF6F085}
		{E249A78F-4667-4F82-B380-7C4D446245F4} = {8888319C-A20F-4CB0-B4F4-F0968DF6F085}
		{53508201-FA99-481C-9727-B57930D95224} = {8888319C-A20F-4CB0-B4F4-F0968DF6F085}
		{7CD15682-5FAF-4CC6-BC6B-D5F31C5C587C} = {B6833231-3DDF-4A91-9FED-BB457F97DB25}
		{FDCA4AF6-5222-4221-8DDA-4BD48AA36499} = {B6833231-3DDF-4A91-9FED-BB457F97DB25}
		{2D45B11C-FD11-4CE1-8B97-60BEE719A3EB} = {B6833231-3DDF-4A91-9FED-BB457F97DB25}
		{5EE4BEC2-B078-4AC5-B703-6E4878DEBCE0} = {7CD15682-5FAF-4CC6-BC6B-D5F31C5C587C}
		{DAEA1F9B-A204-4A91-B819-147B40E6ED99} = {7CD15682-5FAF-4CC6-BC6B-D5F31C5C587C}
		{338D0316-B108-420D-82B1-7B47F9DF926A} = {A22C5987-CEE9-4202-9B0F-C953A515E881}
		{0C9DBC35-758E-42F5-9054-20C658672BC4} = {A22C5987-CEE9-4202-9B0F-C953A515E881}
		{82DA2B18-FD99-42F4-9136-B8F2968AE9A1} = {E249A78F-4667-4F82-B380-7C4D446245F4}
		{694F7C54-CE98-4D60-9980-8263C3AC77EE} = {53508201-FA99-481C-9727-B57930D95224}
		{F25BB9F6-AB6E-4A5B-83CE-1675763ED744} = {E249A78F-4667-4F82-B380-7C4D446245F4}
		{B00D65F4-C3F7-4B4C-8248-BA5753C033F8} = {E249A78F-4667-4F82-B380-7C4D446245F4}
		{58EAA8FF-5BE4-4B79-BF9C-7231465FC6B5} = {FDCA4AF6-5222-4221-8DDA-4BD48AA36499}
		{75ECAF22-8B70-4840-8AC6-D354ABBADB39} = {53508201-FA99-481C-9727-B57930D95224}
		{5BD9FB6D-AAD8-48C4-8F99-6C5CA551D7B5} = {2D45B11C-FD11-4CE1-8B97-60BEE719A3EB}
		{62E5C1FF-BFF2-4827-95C1-6FC8ED37EC9E} = {2D45B11C-FD11-4CE1-8B97-60BEE719A3EB}
		{C638E76C-5E75-4A8C-A496-EFD8D9C942C8} = {FDCA4AF6-5222-4221-8DDA-4BD48AA36499}
		{809AC078-C7F9-48DC-B132-B7730F92C3B1} = {7C7B6CBA-4B3C-4DC8-9909-19F14BEE7C90}
		{BE56F011-5FFE-4E7D-AD7F-2F6A0F104270} = {7C7B6CBA-4B3C-4DC8-9909-19F14BEE7C90}
		{4B5B4BD4-8706-415F-A3A0-B306A773B617} = {7C7B6CBA-4B3C-4DC8-9909-19F14BEE7C90}
		{2A58BADE-0A68-43F3-B532-0A30261891E8} = {7C7B6CBA-4B3C-4DC8-9909-19F14BEE7C90}
		{8F29C9EB-5FDA-4D6E-828B-477EC9E63EB8} = {7C7B6CBA-4B3C-4DC8-9909-19F14BEE7C90}
		{16BBEBB9-49D7-47C4-9F97-84C241374C91} = {7C7B6CBA-4B3C-4DC8-9909-19F14BEE7C90}
		{B0A53D31-C748-4C8E-A285-78CF71D304F2} = {01A2B59A-F77E-4508-B122-AC6EC258C16F}
		{6273EE97-45F3-41D6-8C4D-C45596A95820} = {01A2B59A-F77E-4508-B122-AC6EC258C16F}
		{68380D1F-34BB-4D56-B0DA-56B75B6F751F} = {01A2B59A-F77E-4508-B122-AC6EC258C16F}
		{DF8FBA8B-D29D-4492-A345-C31ABA2D6259} = {B0A53D31-C748-4C8E-A285-78CF71D304F2}
		{38929DB4-FF47-499A-B84F-D3C89F8D0447} = {B0A53D31-C748-4C8E-A285-78CF71D304F2}
		{97E9BD4B-D0BD-46D6-A5CE-B75A349EE8F3} = {6273EE97-45F3-41D6-8C4D-C45596A95820}
		{89B79726-C0CB-412B-BCBC-679395C11984} = {68380D1F-34BB-4D56-B0DA-56B75B6F751F}
		{D0F44CB3-52CB-485E-9661-0004F834337B} = {68380D1F-34BB-4D56-B0DA-56B75B6F751F}
	EndGlobalSection
	GlobalSection(ExtensibilityGlobals) = postSolution
		SolutionGuid = {384484BE-4680-4529-9CC2-AD37BA4D12D1}
	EndGlobalSection
EndGlobal
