
Microsoft Visual Studio Solution File, Format Version 12.00
# Visual Studio Version 17
VisualStudioVersion = 17.5.33502.453
MinimumVisualStudioVersion = 10.0.40219.1
Project("{2150E333-8FDC-42A3-9474-1A3956D46DE8}") = "WebClient", "WebClient", "{E389DEB6-5F90-444B-A054-12A10D39C76F}"
EndProject
Project("{2150E333-8FDC-42A3-9474-1A3956D46DE8}") = "Identity", "Identity", "{8888319C-A20F-4CB0-B4F4-F0968DF6F085}"
EndProject
Project("{2150E333-8FDC-42A3-9474-1A3956D46DE8}") = "Data", "Data", "{A22C5987-CEE9-4202-9B0F-C953A515E881}"
EndProject
Project("{2150E333-8FDC-42A3-9474-1A3956D46DE8}") = "Services", "Services", "{E249A78F-4667-4F82-B380-7C4D446245F4}"
EndProject
Project("{2150E333-8FDC-42A3-9474-1A3956D46DE8}") = "Web", "Web", "{53508201-FA99-481C-9727-B57930D95224}"
EndProject
Project("{2150E333-8FDC-42A3-9474-1A3956D46DE8}") = "Products", "Products", "{B6833231-3DDF-4A91-9FED-BB457F97DB25}"
EndProject
Project("{2150E333-8FDC-42A3-9474-1A3956D46DE8}") = "Data", "Data", "{7CD15682-5FAF-4CC6-BC6B-D5F31C5C587C}"
EndProject
Project("{2150E333-8FDC-42A3-9474-1A3956D46DE8}") = "Services", "Services", "{FDCA4AF6-5222-4221-8DDA-4BD48AA36499}"
EndProject
Project("{2150E333-8FDC-42A3-9474-1A3956D46DE8}") = "Web", "Web", "{2D45B11C-FD11-4CE1-8B97-60BEE719A3EB}"
EndProject
Project("{9A19103F-16F7-4668-BE54-9A1E7A4F7556}") = "TizianaTerenzi.Products.Data", "Products\Data\TizianaTerenzi.Products.Data\TizianaTerenzi.Products.Data.csproj", "{5EE4BEC2-B078-4AC5-B703-6E4878DEBCE0}"
EndProject
Project("{9A19103F-16F7-4668-BE54-9A1E7A4F7556}") = "TizianaTerenzi.Products.Data.Models", "Products\Data\TizianaTerenzi.Products.Data.Models\TizianaTerenzi.Products.Data.Models.csproj", "{DAEA1F9B-A204-4A91-B819-147B40E6ED99}"
EndProject
Project("{9A19103F-16F7-4668-BE54-9A1E7A4F7556}") = "TizianaTerenzi.Identity.Data.Models", "Identity\Data\TizianaTerenzi.Identity.Data.Models\TizianaTerenzi.Identity.Data.Models.csproj", "{338D0316-B108-420D-82B1-7B47F9DF926A}"
EndProject
Project("{9A19103F-16F7-4668-BE54-9A1E7A4F7556}") = "TizianaTerenzi.Identity.Data", "Identity\Data\TizianaTerenzi.Identity.Data\TizianaTerenzi.Identity.Data.csproj", "{0C9DBC35-758E-42F5-9054-20C658672BC4}"
EndProject
Project("{2150E333-8FDC-42A3-9474-1A3956D46DE8}") = "Common", "Common", "{7C7B6CBA-4B3C-4DC8-9909-19F14BEE7C90}"
EndProject
Project("{9A19103F-16F7-4668-BE54-9A1E7A4F7556}") = "TizianaTerenzi.Identity.Services.Data", "Identity\Services\TizianaTerenzi.Identity.Services.Data\TizianaTerenzi.Identity.Services.Data.csproj", "{82DA2B18-FD99-42F4-9136-B8F2968AE9A1}"
EndProject
Project("{9A19103F-16F7-4668-BE54-9A1E7A4F7556}") = "TizianaTerenzi.Identity.Web.Models", "Identity\Web\TizianaTerenzi.Identity.Web.Models\TizianaTerenzi.Identity.Web.Models.csproj", "{694F7C54-CE98-4D60-9980-8263C3AC77EE}"
EndProject
Project("{9A19103F-16F7-4668-BE54-9A1E7A4F7556}") = "TizianaTerenzi.Identity.Services", "Identity\Services\TizianaTerenzi.Identity.Services\TizianaTerenzi.Identity.Services.csproj", "{F25BB9F6-AB6E-4A5B-83CE-1675763ED744}"
EndProject
Project("{9A19103F-16F7-4668-BE54-9A1E7A4F7556}") = "TizianaTerenzi.Identity.Services.Models", "Identity\Services\TizianaTerenzi.Identity.Services.Models\TizianaTerenzi.Identity.Services.Models.csproj", "{B00D65F4-C3F7-4B4C-8248-BA5753C033F8}"
EndProject
Project("{9A19103F-16F7-4668-BE54-9A1E7A4F7556}") = "TizianaTerenzi.Products.Services.Data", "Products\Services\TizianaTerenzi.Products.Services.Data\TizianaTerenzi.Products.Services.Data.csproj", "{58EAA8FF-5BE4-4B79-BF9C-7231465FC6B5}"
EndProject
Project("{9A19103F-16F7-4668-BE54-9A1E7A4F7556}") = "TizianaTerenzi.Identity.Web", "Identity\Web\TizianaTerenzi.Identity.Web\TizianaTerenzi.Identity.Web.csproj", "{75ECAF22-8B70-4840-8AC6-D354ABBADB39}"
EndProject
Project("{9A19103F-16F7-4668-BE54-9A1E7A4F7556}") = "TizianaTerenzi.Products.Web", "Products\Web\TizianaTerenzi.Products.Web\TizianaTerenzi.Products.Web.csproj", "{5BD9FB6D-AAD8-48C4-8F99-6C5CA551D7B5}"
EndProject
Project("{9A19103F-16F7-4668-BE54-9A1E7A4F7556}") = "TizianaTerenzi.Products.Web.Models", "Products\Web\TizianaTerenzi.Products.Web.Models\TizianaTerenzi.Products.Web.Models.csproj", "{62E5C1FF-BFF2-4827-95C1-6FC8ED37EC9E}"
EndProject
Project("{9A19103F-16F7-4668-BE54-9A1E7A4F7556}") = "TizianaTerenzi.Products.Services", "Products\Services\TizianaTerenzi.Products.Services\TizianaTerenzi.Products.Services.csproj", "{C638E76C-5E75-4A8C-A496-EFD8D9C942C8}"
EndProject
Project("{9A19103F-16F7-4668-BE54-9A1E7A4F7556}") = "TizianaTerenzi.Common.Data", "Common\TizianaTerenzi.Common.Data\TizianaTerenzi.Common.Data.csproj", "{809AC078-C7F9-48DC-B132-B7730F92C3B1}"
EndProject
Project("{9A19103F-16F7-4668-BE54-9A1E7A4F7556}") = "TizianaTerenzi.Common.Services", "Common\TizianaTerenzi.Common.Services\TizianaTerenzi.Common.Services.csproj", "{BE56F011-5FFE-4E7D-AD7F-2F6A0F104270}"
EndProject
Project("{9A19103F-16F7-4668-BE54-9A1E7A4F7556}") = "TizianaTerenzi.Common.Web", "Common\TizianaTerenzi.Common.Web\TizianaTerenzi.Common.Web.csproj", "{4B5B4BD4-8706-415F-A3A0-B306A773B617}"
EndProject
Project("{9A19103F-16F7-4668-BE54-9A1E7A4F7556}") = "TizianaTerenzi.Common.Web.Infrastructure", "Common\TizianaTerenzi.Common.Web.Infrastructure\TizianaTerenzi.Common.Web.Infrastructure.csproj", "{2A58BADE-0A68-43F3-B532-0A30261891E8}"
EndProject
Project("{9A19103F-16F7-4668-BE54-9A1E7A4F7556}") = "TizianaTerenzi.Common", "Common\TizianaTerenzi.Common\TizianaTerenzi.Common.csproj", "{8F29C9EB-5FDA-4D6E-828B-477EC9E63EB8}"
EndProject
Project("{9A19103F-16F7-4668-BE54-9A1E7A4F7556}") = "TizianaTerenzi.Common.Services.Mapping", "Common\TizianaTerenzi.Common.Services.Mapping\TizianaTerenzi.Common.Services.Mapping.csproj", "{16BBEBB9-49D7-47C4-9F97-84C241374C91}"
EndProject
Project("{2150E333-8FDC-42A3-9474-1A3956D46DE8}") = "Carts", "Carts", "{01A2B59A-F77E-4508-B122-AC6EC258C16F}"
EndProject
Project("{2150E333-8FDC-42A3-9474-1A3956D46DE8}") = "Data", "Data", "{B0A53D31-C748-4C8E-A285-78CF71D304F2}"
EndProject
Project("{2150E333-8FDC-42A3-9474-1A3956D46DE8}") = "Services", "Services", "{6273EE97-45F3-41D6-8C4D-C45596A95820}"
EndProject
Project("{2150E333-8FDC-42A3-9474-1A3956D46DE8}") = "Web", "Web", "{68380D1F-34BB-4D56-B0DA-56B75B6F751F}"
EndProject
Project("{9A19103F-16F7-4668-BE54-9A1E7A4F7556}") = "TizianaTerenzi.WebClient.Infrastructure", "WebClient\TizianaTerenzi.WebClient.Infrastructure\TizianaTerenzi.WebClient.Infrastructure.csproj", "{A6A5EA97-35C4-4ABD-9577-64B82D045C5A}"
EndProject
Project("{9A19103F-16F7-4668-BE54-9A1E7A4F7556}") = "TizianaTerenzi.WebClient", "WebClient\TizianaTerenzi.WebClient\TizianaTerenzi.WebClient.csproj", "{A5E8AC2E-3A4E-43A1-A9C2-46CD76E8A279}"
EndProject
Project("{9A19103F-16F7-4668-BE54-9A1E7A4F7556}") = "TizianaTerenzi.WebClient.ViewModels", "WebClient\TizianaTerenzi.WebClient.ViewModels\TizianaTerenzi.WebClient.ViewModels.csproj", "{B5D079EF-D767-4435-B5A4-B61DFB7D4EAB}"
EndProject
Project("{2150E333-8FDC-42A3-9474-1A3956D46DE8}") = "Services", "Services", "{A09E5657-BB72-47A1-BF3F-2AF0923E1761}"
EndProject
Project("{9A19103F-16F7-4668-BE54-9A1E7A4F7556}") = "TizianaTerenzi.WebClient.Services", "WebClient\Services\TizianaTerenzi.WebClient.Services\TizianaTerenzi.WebClient.Services.csproj", "{55B34B22-9C62-4FEA-92D3-06899E63C56C}"
EndProject
Project("{9A19103F-16F7-4668-BE54-9A1E7A4F7556}") = "TizianaTerenzi.Products.Web.Gateway", "Products\Web\TizianaTerenzi.Products.Web.Gateway\TizianaTerenzi.Products.Web.Gateway.csproj", "{F86590A8-5EBE-4F56-8F9D-610C4C301208}"
EndProject
Project("{9A19103F-16F7-4668-BE54-9A1E7A4F7556}") = "TizianaTerenzi.Carts.Data", "Carts\Data\TizianaTerenzi.Carts.Data\TizianaTerenzi.Carts.Data.csproj", "{659E6314-16A9-4787-9D8E-3161B0746A23}"
EndProject
Project("{9A19103F-16F7-4668-BE54-9A1E7A4F7556}") = "TizianaTerenzi.Carts.Services.Data", "Carts\Services\TizianaTerenzi.Carts.Services.Data\TizianaTerenzi.Carts.Services.Data.csproj", "{A24C90EB-BD99-4B8B-BF34-E75B56ED4A14}"
EndProject
Project("{9A19103F-16F7-4668-BE54-9A1E7A4F7556}") = "TizianaTerenzi.Carts.Web", "Carts\Web\TizianaTerenzi.Carts.Web\TizianaTerenzi.Carts.Web.csproj", "{0E4CA541-05B6-487A-B386-3B649C202688}"
EndProject
Project("{9A19103F-16F7-4668-BE54-9A1E7A4F7556}") = "TizianaTerenzi.Carts.Web.Models", "Carts\Web\TizianaTerenzi.Carts.Web.Models\TizianaTerenzi.Carts.Web.Models.csproj", "{748A98C3-FE8A-4342-8DDE-01B093D1802A}"
EndProject
Project("{9A19103F-16F7-4668-BE54-9A1E7A4F7556}") = "TizianaTerenzi.Carts.Data.Models", "Carts\Data\TizianaTerenzi.Carts.Data.Models\TizianaTerenzi.Carts.Data.Models.csproj", "{D8E1726E-F6FD-4F85-99C7-0547054F81F5}"
EndProject
Project("{9A19103F-16F7-4668-BE54-9A1E7A4F7556}") = "TizianaTerenzi.Common.Messages", "Common\TizianaTerenzi.Common.Messages\TizianaTerenzi.Common.Messages.csproj", "{5187105C-BFC3-480A-BF2D-9EEDFBD02625}"
EndProject
Project("{2150E333-8FDC-42A3-9474-1A3956D46DE8}") = "Notifications", "Notifications", "{55AD04DB-DD0E-41A5-AFDB-9CA01E3EA682}"
EndProject
Project("{2150E333-8FDC-42A3-9474-1A3956D46DE8}") = "Web", "Web", "{B8DCE0B5-2E2C-413B-9E47-D3241D7F17ED}"
EndProject
Project("{9A19103F-16F7-4668-BE54-9A1E7A4F7556}") = "TizianaTerenzi.Notifications.Web", "Notifications\Web\TizianaTerenzi.Notifications.Web\TizianaTerenzi.Notifications.Web.csproj", "{F73277D5-CAA5-4D29-B57F-88846C0EA412}"
EndProject
Project("{9A19103F-16F7-4668-BE54-9A1E7A4F7556}") = "TizianaTerenzi.Notifications.Web.Infrastructure", "Notifications\Web\TizianaTerenzi.Notifications.Web.Infrastructure\TizianaTerenzi.Notifications.Web.Infrastructure.csproj", "{03463DAC-84F2-42D9-8A7D-5F631A7A76B3}"
EndProject
Project("{2150E333-8FDC-42A3-9474-1A3956D46DE8}") = "Services", "Services", "{A0B5B24D-05DE-4FAC-98E2-D4417E09C87D}"
EndProject
Project("{2150E333-8FDC-42A3-9474-1A3956D46DE8}") = "Orders", "Orders", "{13C5F2D4-D5B7-4E20-ABC6-4763992F5AAD}"
EndProject
Project("{2150E333-8FDC-42A3-9474-1A3956D46DE8}") = "Data", "Data", "{901AA4CC-FD5B-46B6-A95A-D326282FF916}"
EndProject
Project("{2150E333-8FDC-42A3-9474-1A3956D46DE8}") = "Services", "Services", "{E40969AC-458C-43CB-8897-43CF0EA63A8F}"
EndProject
Project("{2150E333-8FDC-42A3-9474-1A3956D46DE8}") = "Web", "Web", "{EEA1484B-91E8-42E2-B44D-4296EA198146}"
EndProject
Project("{9A19103F-16F7-4668-BE54-9A1E7A4F7556}") = "TizianaTerenzi.Orders.Data", "Orders\Data\TizianaTerenzi.Orders.Data\TizianaTerenzi.Orders.Data.csproj", "{8DA88C60-453C-41CE-AE89-C33B1052FB56}"
EndProject
Project("{9A19103F-16F7-4668-BE54-9A1E7A4F7556}") = "TizianaTerenzi.Orders.Data.Models", "Orders\Data\TizianaTerenzi.Orders.Data.Models\TizianaTerenzi.Orders.Data.Models.csproj", "{562B1405-BD9C-495B-B366-671B3D6877DF}"
EndProject
Project("{9A19103F-16F7-4668-BE54-9A1E7A4F7556}") = "TizianaTerenzi.Orders.Services.Data", "Orders\Services\TizianaTerenzi.Orders.Services.Data\TizianaTerenzi.Orders.Services.Data.csproj", "{051CC894-E223-4F63-BECD-064186149516}"
EndProject
Project("{9A19103F-16F7-4668-BE54-9A1E7A4F7556}") = "TizianaTerenzi.Orders.Web.Models", "Orders\Web\TizianaTerenzi.Orders.Web.Models\TizianaTerenzi.Orders.Web.Models.csproj", "{DB10B79F-A8CB-4F95-9A94-402DEFBBF21D}"
EndProject
Project("{9A19103F-16F7-4668-BE54-9A1E7A4F7556}") = "TizianaTerenzi.Orders.Web", "Orders\Web\TizianaTerenzi.Orders.Web\TizianaTerenzi.Orders.Web.csproj", "{859EFACB-FB4B-4E5B-AA87-51709A56AB46}"
EndProject
Project("{9A19103F-16F7-4668-BE54-9A1E7A4F7556}") = "TizianaTerenzi.Carts.Web.Gateway", "Carts\Web\TizianaTerenzi.Carts.Web.Gateway\TizianaTerenzi.Carts.Web.Gateway.csproj", "{EB3D4AC7-66AD-4A6A-BC95-5D1DDB5F107E}"
EndProject
Project("{2150E333-8FDC-42A3-9474-1A3956D46DE8}") = "Administration", "Administration", "{34B691D3-7697-429F-BB56-0506B75329F5}"
EndProject
Project("{2150E333-8FDC-42A3-9474-1A3956D46DE8}") = "Data", "Data", "{88C3285D-63A6-4664-B838-3F702DED96E4}"
EndProject
Project("{2150E333-8FDC-42A3-9474-1A3956D46DE8}") = "Services", "Services", "{C7444089-1EEF-4412-8961-4A7BB7A632A1}"
EndProject
Project("{2150E333-8FDC-42A3-9474-1A3956D46DE8}") = "Web", "Web", "{20B16B24-0278-487B-9489-464FC9B12C10}"
EndProject
Project("{9A19103F-16F7-4668-BE54-9A1E7A4F7556}") = "TizianaTerenzi.Administration.Data", "Administration\Data\TizianaTerenzi.Administration.Data\TizianaTerenzi.Administration.Data.csproj", "{F9D6E1CE-BCB6-4095-96F6-84C8C7F39D0D}"
EndProject
Project("{9A19103F-16F7-4668-BE54-9A1E7A4F7556}") = "TizianaTerenzi.Administration.Data.Models", "Administration\Data\TizianaTerenzi.Administration.Data.Models\TizianaTerenzi.Administration.Data.Models.csproj", "{622F397C-1F19-4E1E-9D5D-F99EB4486891}"
EndProject
Project("{9A19103F-16F7-4668-BE54-9A1E7A4F7556}") = "TizianaTerenzi.Administration.Web", "Administration\Web\TizianaTerenzi.Administration.Web\TizianaTerenzi.Administration.Web.csproj", "{F2DA856F-992F-4772-BBD0-9035CFED303E}"
EndProject
Project("{9A19103F-16F7-4668-BE54-9A1E7A4F7556}") = "TizianaTerenzi.Administration.Services.Data", "Administration\Services\TizianaTerenzi.Administration.Services.Data\TizianaTerenzi.Administration.Services.Data.csproj", "{6DE0833D-3A06-4154-BB3A-188AC2E308C6}"
EndProject
Project("{9A19103F-16F7-4668-BE54-9A1E7A4F7556}") = "TizianaTerenzi.Administration.Web.Models", "Administration\Web\TizianaTerenzi.Administration.Web.Models\TizianaTerenzi.Administration.Web.Models.csproj", "{597D75FB-E308-4503-A94F-53CB65E1E7EE}"
EndProject
Project("{9A19103F-16F7-4668-BE54-9A1E7A4F7556}") = "TizianaTerenzi.Administration.Services", "Administration\Services\TizianaTerenzi.Administration.Services\TizianaTerenzi.Administration.Services.csproj", "{5C307D6E-BCD2-4F9C-BBC5-C67368A9AE96}"
EndProject
Project("{9A19103F-16F7-4668-BE54-9A1E7A4F7556}") = "TizianaTerenzi.Administration.Services.Models", "Administration\Services\TizianaTerenzi.Administration.Services.Models\TizianaTerenzi.Administration.Services.Models.csproj", "{7F391DE1-B684-4C61-9743-B19BB150C203}"
EndProject
Project("{9A19103F-16F7-4668-BE54-9A1E7A4F7556}") = "TizianaTerenzi.Common.Services.Messaging", "Common\TizianaTerenzi.Common.Services.Messaging\TizianaTerenzi.Common.Services.Messaging.csproj", "{81DBBA0E-032C-4A72-805A-A2023EC08CA6}"
EndProject
Project("{9A19103F-16F7-4668-BE54-9A1E7A4F7556}") = "TizianaTerenzi.Notifications.Web.Models", "Notifications\Web\TizianaTerenzi.Notifications.Web.Models\TizianaTerenzi.Notifications.Web.Models.csproj", "{C7BA642F-0741-4F7F-8C74-DEC5305B9424}"
EndProject
Project("{2150E333-8FDC-42A3-9474-1A3956D46DE8}") = "Data", "Data", "{515A6359-8F6E-4E0A-99DB-AD32BFCE84A7}"
EndProject
Project("{9A19103F-16F7-4668-BE54-9A1E7A4F7556}") = "TizianaTerenzi.Notifications.Data", "Notifications\Data\TizianaTerenzi.Notifications.Data\TizianaTerenzi.Notifications.Data.csproj", "{E46FA646-D9C5-4B39-AD22-A03265AC953E}"
EndProject
Project("{9A19103F-16F7-4668-BE54-9A1E7A4F7556}") = "TizianaTerenzi.Notifications.Data.Models", "Notifications\Data\TizianaTerenzi.Notifications.Data.Models\TizianaTerenzi.Notifications.Data.Models.csproj", "{D2E9369A-D82E-4585-B364-0A8ECA11D860}"
EndProject
Project("{9A19103F-16F7-4668-BE54-9A1E7A4F7556}") = "TizianaTerenzi.Notifications.Services.Data", "Notifications\Services\TizianaTerenzi.Notifications.Services.Data\TizianaTerenzi.Notifications.Services.Data.csproj", "{DC57E63D-429F-44AF-8534-FEEE5D696872}"
EndProject
Global
	GlobalSection(SolutionConfigurationPlatforms) = preSolution
		Debug|Any CPU = Debug|Any CPU
		Release|Any CPU = Release|Any CPU
	EndGlobalSection
	GlobalSection(ProjectConfigurationPlatforms) = postSolution
		{5EE4BEC2-B078-4AC5-B703-6E4878DEBCE0}.Debug|Any CPU.ActiveCfg = Debug|Any CPU
		{5EE4BEC2-B078-4AC5-B703-6E4878DEBCE0}.Debug|Any CPU.Build.0 = Debug|Any CPU
		{5EE4BEC2-B078-4AC5-B703-6E4878DEBCE0}.Release|Any CPU.ActiveCfg = Release|Any CPU
		{5EE4BEC2-B078-4AC5-B703-6E4878DEBCE0}.Release|Any CPU.Build.0 = Release|Any CPU
		{DAEA1F9B-A204-4A91-B819-147B40E6ED99}.Debug|Any CPU.ActiveCfg = Debug|Any CPU
		{DAEA1F9B-A204-4A91-B819-147B40E6ED99}.Debug|Any CPU.Build.0 = Debug|Any CPU
		{DAEA1F9B-A204-4A91-B819-147B40E6ED99}.Release|Any CPU.ActiveCfg = Release|Any CPU
		{DAEA1F9B-A204-4A91-B819-147B40E6ED99}.Release|Any CPU.Build.0 = Release|Any CPU
		{338D0316-B108-420D-82B1-7B47F9DF926A}.Debug|Any CPU.ActiveCfg = Debug|Any CPU
		{338D0316-B108-420D-82B1-7B47F9DF926A}.Debug|Any CPU.Build.0 = Debug|Any CPU
		{338D0316-B108-420D-82B1-7B47F9DF926A}.Release|Any CPU.ActiveCfg = Release|Any CPU
		{338D0316-B108-420D-82B1-7B47F9DF926A}.Release|Any CPU.Build.0 = Release|Any CPU
		{0C9DBC35-758E-42F5-9054-20C658672BC4}.Debug|Any CPU.ActiveCfg = Debug|Any CPU
		{0C9DBC35-758E-42F5-9054-20C658672BC4}.Debug|Any CPU.Build.0 = Debug|Any CPU
		{0C9DBC35-758E-42F5-9054-20C658672BC4}.Release|Any CPU.ActiveCfg = Release|Any CPU
		{0C9DBC35-758E-42F5-9054-20C658672BC4}.Release|Any CPU.Build.0 = Release|Any CPU
		{82DA2B18-FD99-42F4-9136-B8F2968AE9A1}.Debug|Any CPU.ActiveCfg = Debug|Any CPU
		{82DA2B18-FD99-42F4-9136-B8F2968AE9A1}.Debug|Any CPU.Build.0 = Debug|Any CPU
		{82DA2B18-FD99-42F4-9136-B8F2968AE9A1}.Release|Any CPU.ActiveCfg = Release|Any CPU
		{82DA2B18-FD99-42F4-9136-B8F2968AE9A1}.Release|Any CPU.Build.0 = Release|Any CPU
		{694F7C54-CE98-4D60-9980-8263C3AC77EE}.Debug|Any CPU.ActiveCfg = Debug|Any CPU
		{694F7C54-CE98-4D60-9980-8263C3AC77EE}.Debug|Any CPU.Build.0 = Debug|Any CPU
		{694F7C54-CE98-4D60-9980-8263C3AC77EE}.Release|Any CPU.ActiveCfg = Release|Any CPU
		{694F7C54-CE98-4D60-9980-8263C3AC77EE}.Release|Any CPU.Build.0 = Release|Any CPU
		{F25BB9F6-AB6E-4A5B-83CE-1675763ED744}.Debug|Any CPU.ActiveCfg = Debug|Any CPU
		{F25BB9F6-AB6E-4A5B-83CE-1675763ED744}.Debug|Any CPU.Build.0 = Debug|Any CPU
		{F25BB9F6-AB6E-4A5B-83CE-1675763ED744}.Release|Any CPU.ActiveCfg = Release|Any CPU
		{F25BB9F6-AB6E-4A5B-83CE-1675763ED744}.Release|Any CPU.Build.0 = Release|Any CPU
		{B00D65F4-C3F7-4B4C-8248-BA5753C033F8}.Debug|Any CPU.ActiveCfg = Debug|Any CPU
		{B00D65F4-C3F7-4B4C-8248-BA5753C033F8}.Debug|Any CPU.Build.0 = Debug|Any CPU
		{B00D65F4-C3F7-4B4C-8248-BA5753C033F8}.Release|Any CPU.ActiveCfg = Release|Any CPU
		{B00D65F4-C3F7-4B4C-8248-BA5753C033F8}.Release|Any CPU.Build.0 = Release|Any CPU
		{58EAA8FF-5BE4-4B79-BF9C-7231465FC6B5}.Debug|Any CPU.ActiveCfg = Debug|Any CPU
		{58EAA8FF-5BE4-4B79-BF9C-7231465FC6B5}.Debug|Any CPU.Build.0 = Debug|Any CPU
		{58EAA8FF-5BE4-4B79-BF9C-7231465FC6B5}.Release|Any CPU.ActiveCfg = Release|Any CPU
		{58EAA8FF-5BE4-4B79-BF9C-7231465FC6B5}.Release|Any CPU.Build.0 = Release|Any CPU
		{75ECAF22-8B70-4840-8AC6-D354ABBADB39}.Debug|Any CPU.ActiveCfg = Debug|Any CPU
		{75ECAF22-8B70-4840-8AC6-D354ABBADB39}.Debug|Any CPU.Build.0 = Debug|Any CPU
		{75ECAF22-8B70-4840-8AC6-D354ABBADB39}.Release|Any CPU.ActiveCfg = Release|Any CPU
		{75ECAF22-8B70-4840-8AC6-D354ABBADB39}.Release|Any CPU.Build.0 = Release|Any CPU
		{5BD9FB6D-AAD8-48C4-8F99-6C5CA551D7B5}.Debug|Any CPU.ActiveCfg = Debug|Any CPU
		{5BD9FB6D-AAD8-48C4-8F99-6C5CA551D7B5}.Debug|Any CPU.Build.0 = Debug|Any CPU
		{5BD9FB6D-AAD8-48C4-8F99-6C5CA551D7B5}.Release|Any CPU.ActiveCfg = Release|Any CPU
		{5BD9FB6D-AAD8-48C4-8F99-6C5CA551D7B5}.Release|Any CPU.Build.0 = Release|Any CPU
		{62E5C1FF-BFF2-4827-95C1-6FC8ED37EC9E}.Debug|Any CPU.ActiveCfg = Debug|Any CPU
		{62E5C1FF-BFF2-4827-95C1-6FC8ED37EC9E}.Debug|Any CPU.Build.0 = Debug|Any CPU
		{62E5C1FF-BFF2-4827-95C1-6FC8ED37EC9E}.Release|Any CPU.ActiveCfg = Release|Any CPU
		{62E5C1FF-BFF2-4827-95C1-6FC8ED37EC9E}.Release|Any CPU.Build.0 = Release|Any CPU
		{C638E76C-5E75-4A8C-A496-EFD8D9C942C8}.Debug|Any CPU.ActiveCfg = Debug|Any CPU
		{C638E76C-5E75-4A8C-A496-EFD8D9C942C8}.Debug|Any CPU.Build.0 = Debug|Any CPU
		{C638E76C-5E75-4A8C-A496-EFD8D9C942C8}.Release|Any CPU.ActiveCfg = Release|Any CPU
		{C638E76C-5E75-4A8C-A496-EFD8D9C942C8}.Release|Any CPU.Build.0 = Release|Any CPU
		{809AC078-C7F9-48DC-B132-B7730F92C3B1}.Debug|Any CPU.ActiveCfg = Debug|Any CPU
		{809AC078-C7F9-48DC-B132-B7730F92C3B1}.Debug|Any CPU.Build.0 = Debug|Any CPU
		{809AC078-C7F9-48DC-B132-B7730F92C3B1}.Release|Any CPU.ActiveCfg = Release|Any CPU
		{809AC078-C7F9-48DC-B132-B7730F92C3B1}.Release|Any CPU.Build.0 = Release|Any CPU
		{BE56F011-5FFE-4E7D-AD7F-2F6A0F104270}.Debug|Any CPU.ActiveCfg = Debug|Any CPU
		{BE56F011-5FFE-4E7D-AD7F-2F6A0F104270}.Debug|Any CPU.Build.0 = Debug|Any CPU
		{BE56F011-5FFE-4E7D-AD7F-2F6A0F104270}.Release|Any CPU.ActiveCfg = Release|Any CPU
		{BE56F011-5FFE-4E7D-AD7F-2F6A0F104270}.Release|Any CPU.Build.0 = Release|Any CPU
		{4B5B4BD4-8706-415F-A3A0-B306A773B617}.Debug|Any CPU.ActiveCfg = Debug|Any CPU
		{4B5B4BD4-8706-415F-A3A0-B306A773B617}.Debug|Any CPU.Build.0 = Debug|Any CPU
		{4B5B4BD4-8706-415F-A3A0-B306A773B617}.Release|Any CPU.ActiveCfg = Release|Any CPU
		{4B5B4BD4-8706-415F-A3A0-B306A773B617}.Release|Any CPU.Build.0 = Release|Any CPU
		{2A58BADE-0A68-43F3-B532-0A30261891E8}.Debug|Any CPU.ActiveCfg = Debug|Any CPU
		{2A58BADE-0A68-43F3-B532-0A30261891E8}.Debug|Any CPU.Build.0 = Debug|Any CPU
		{2A58BADE-0A68-43F3-B532-0A30261891E8}.Release|Any CPU.ActiveCfg = Release|Any CPU
		{2A58BADE-0A68-43F3-B532-0A30261891E8}.Release|Any CPU.Build.0 = Release|Any CPU
		{8F29C9EB-5FDA-4D6E-828B-477EC9E63EB8}.Debug|Any CPU.ActiveCfg = Debug|Any CPU
		{8F29C9EB-5FDA-4D6E-828B-477EC9E63EB8}.Debug|Any CPU.Build.0 = Debug|Any CPU
		{8F29C9EB-5FDA-4D6E-828B-477EC9E63EB8}.Release|Any CPU.ActiveCfg = Release|Any CPU
		{8F29C9EB-5FDA-4D6E-828B-477EC9E63EB8}.Release|Any CPU.Build.0 = Release|Any CPU
		{16BBEBB9-49D7-47C4-9F97-84C241374C91}.Debug|Any CPU.ActiveCfg = Debug|Any CPU
		{16BBEBB9-49D7-47C4-9F97-84C241374C91}.Debug|Any CPU.Build.0 = Debug|Any CPU
		{16BBEBB9-49D7-47C4-9F97-84C241374C91}.Release|Any CPU.ActiveCfg = Release|Any CPU
		{16BBEBB9-49D7-47C4-9F97-84C241374C91}.Release|Any CPU.Build.0 = Release|Any CPU
		{A6A5EA97-35C4-4ABD-9577-64B82D045C5A}.Debug|Any CPU.ActiveCfg = Debug|Any CPU
		{A6A5EA97-35C4-4ABD-9577-64B82D045C5A}.Debug|Any CPU.Build.0 = Debug|Any CPU
		{A6A5EA97-35C4-4ABD-9577-64B82D045C5A}.Release|Any CPU.ActiveCfg = Release|Any CPU
		{A6A5EA97-35C4-4ABD-9577-64B82D045C5A}.Release|Any CPU.Build.0 = Release|Any CPU
		{A5E8AC2E-3A4E-43A1-A9C2-46CD76E8A279}.Debug|Any CPU.ActiveCfg = Debug|Any CPU
		{A5E8AC2E-3A4E-43A1-A9C2-46CD76E8A279}.Debug|Any CPU.Build.0 = Debug|Any CPU
		{A5E8AC2E-3A4E-43A1-A9C2-46CD76E8A279}.Release|Any CPU.ActiveCfg = Release|Any CPU
		{A5E8AC2E-3A4E-43A1-A9C2-46CD76E8A279}.Release|Any CPU.Build.0 = Release|Any CPU
		{B5D079EF-D767-4435-B5A4-B61DFB7D4EAB}.Debug|Any CPU.ActiveCfg = Debug|Any CPU
		{B5D079EF-D767-4435-B5A4-B61DFB7D4EAB}.Debug|Any CPU.Build.0 = Debug|Any CPU
		{B5D079EF-D767-4435-B5A4-B61DFB7D4EAB}.Release|Any CPU.ActiveCfg = Release|Any CPU
		{B5D079EF-D767-4435-B5A4-B61DFB7D4EAB}.Release|Any CPU.Build.0 = Release|Any CPU
		{55B34B22-9C62-4FEA-92D3-06899E63C56C}.Debug|Any CPU.ActiveCfg = Debug|Any CPU
		{55B34B22-9C62-4FEA-92D3-06899E63C56C}.Debug|Any CPU.Build.0 = Debug|Any CPU
		{55B34B22-9C62-4FEA-92D3-06899E63C56C}.Release|Any CPU.ActiveCfg = Release|Any CPU
		{55B34B22-9C62-4FEA-92D3-06899E63C56C}.Release|Any CPU.Build.0 = Release|Any CPU
		{F86590A8-5EBE-4F56-8F9D-610C4C301208}.Debug|Any CPU.ActiveCfg = Debug|Any CPU
		{F86590A8-5EBE-4F56-8F9D-610C4C301208}.Debug|Any CPU.Build.0 = Debug|Any CPU
		{F86590A8-5EBE-4F56-8F9D-610C4C301208}.Release|Any CPU.ActiveCfg = Release|Any CPU
		{F86590A8-5EBE-4F56-8F9D-610C4C301208}.Release|Any CPU.Build.0 = Release|Any CPU
		{659E6314-16A9-4787-9D8E-3161B0746A23}.Debug|Any CPU.ActiveCfg = Debug|Any CPU
		{659E6314-16A9-4787-9D8E-3161B0746A23}.Debug|Any CPU.Build.0 = Debug|Any CPU
		{659E6314-16A9-4787-9D8E-3161B0746A23}.Release|Any CPU.ActiveCfg = Release|Any CPU
		{659E6314-16A9-4787-9D8E-3161B0746A23}.Release|Any CPU.Build.0 = Release|Any CPU
		{A24C90EB-BD99-4B8B-BF34-E75B56ED4A14}.Debug|Any CPU.ActiveCfg = Debug|Any CPU
		{A24C90EB-BD99-4B8B-BF34-E75B56ED4A14}.Debug|Any CPU.Build.0 = Debug|Any CPU
		{A24C90EB-BD99-4B8B-BF34-E75B56ED4A14}.Release|Any CPU.ActiveCfg = Release|Any CPU
		{A24C90EB-BD99-4B8B-BF34-E75B56ED4A14}.Release|Any CPU.Build.0 = Release|Any CPU
		{0E4CA541-05B6-487A-B386-3B649C202688}.Debug|Any CPU.ActiveCfg = Debug|Any CPU
		{0E4CA541-05B6-487A-B386-3B649C202688}.Debug|Any CPU.Build.0 = Debug|Any CPU
		{0E4CA541-05B6-487A-B386-3B649C202688}.Release|Any CPU.ActiveCfg = Release|Any CPU
		{0E4CA541-05B6-487A-B386-3B649C202688}.Release|Any CPU.Build.0 = Release|Any CPU
		{748A98C3-FE8A-4342-8DDE-01B093D1802A}.Debug|Any CPU.ActiveCfg = Debug|Any CPU
		{748A98C3-FE8A-4342-8DDE-01B093D1802A}.Debug|Any CPU.Build.0 = Debug|Any CPU
		{748A98C3-FE8A-4342-8DDE-01B093D1802A}.Release|Any CPU.ActiveCfg = Release|Any CPU
		{748A98C3-FE8A-4342-8DDE-01B093D1802A}.Release|Any CPU.Build.0 = Release|Any CPU
		{D8E1726E-F6FD-4F85-99C7-0547054F81F5}.Debug|Any CPU.ActiveCfg = Debug|Any CPU
		{D8E1726E-F6FD-4F85-99C7-0547054F81F5}.Debug|Any CPU.Build.0 = Debug|Any CPU
		{D8E1726E-F6FD-4F85-99C7-0547054F81F5}.Release|Any CPU.ActiveCfg = Release|Any CPU
		{D8E1726E-F6FD-4F85-99C7-0547054F81F5}.Release|Any CPU.Build.0 = Release|Any CPU
		{5187105C-BFC3-480A-BF2D-9EEDFBD02625}.Debug|Any CPU.ActiveCfg = Debug|Any CPU
		{5187105C-BFC3-480A-BF2D-9EEDFBD02625}.Debug|Any CPU.Build.0 = Debug|Any CPU
		{5187105C-BFC3-480A-BF2D-9EEDFBD02625}.Release|Any CPU.ActiveCfg = Release|Any CPU
		{5187105C-BFC3-480A-BF2D-9EEDFBD02625}.Release|Any CPU.Build.0 = Release|Any CPU
		{F73277D5-CAA5-4D29-B57F-88846C0EA412}.Debug|Any CPU.ActiveCfg = Debug|Any CPU
		{F73277D5-CAA5-4D29-B57F-88846C0EA412}.Debug|Any CPU.Build.0 = Debug|Any CPU
		{F73277D5-CAA5-4D29-B57F-88846C0EA412}.Release|Any CPU.ActiveCfg = Release|Any CPU
		{F73277D5-CAA5-4D29-B57F-88846C0EA412}.Release|Any CPU.Build.0 = Release|Any CPU
		{03463DAC-84F2-42D9-8A7D-5F631A7A76B3}.Debug|Any CPU.ActiveCfg = Debug|Any CPU
		{03463DAC-84F2-42D9-8A7D-5F631A7A76B3}.Debug|Any CPU.Build.0 = Debug|Any CPU
		{03463DAC-84F2-42D9-8A7D-5F631A7A76B3}.Release|Any CPU.ActiveCfg = Release|Any CPU
		{03463DAC-84F2-42D9-8A7D-5F631A7A76B3}.Release|Any CPU.Build.0 = Release|Any CPU
		{8DA88C60-453C-41CE-AE89-C33B1052FB56}.Debug|Any CPU.ActiveCfg = Debug|Any CPU
		{8DA88C60-453C-41CE-AE89-C33B1052FB56}.Debug|Any CPU.Build.0 = Debug|Any CPU
		{8DA88C60-453C-41CE-AE89-C33B1052FB56}.Release|Any CPU.ActiveCfg = Release|Any CPU
		{8DA88C60-453C-41CE-AE89-C33B1052FB56}.Release|Any CPU.Build.0 = Release|Any CPU
		{562B1405-BD9C-495B-B366-671B3D6877DF}.Debug|Any CPU.ActiveCfg = Debug|Any CPU
		{562B1405-BD9C-495B-B366-671B3D6877DF}.Debug|Any CPU.Build.0 = Debug|Any CPU
		{562B1405-BD9C-495B-B366-671B3D6877DF}.Release|Any CPU.ActiveCfg = Release|Any CPU
		{562B1405-BD9C-495B-B366-671B3D6877DF}.Release|Any CPU.Build.0 = Release|Any CPU
		{051CC894-E223-4F63-BECD-064186149516}.Debug|Any CPU.ActiveCfg = Debug|Any CPU
		{051CC894-E223-4F63-BECD-064186149516}.Debug|Any CPU.Build.0 = Debug|Any CPU
		{051CC894-E223-4F63-BECD-064186149516}.Release|Any CPU.ActiveCfg = Release|Any CPU
		{051CC894-E223-4F63-BECD-064186149516}.Release|Any CPU.Build.0 = Release|Any CPU
		{DB10B79F-A8CB-4F95-9A94-402DEFBBF21D}.Debug|Any CPU.ActiveCfg = Debug|Any CPU
		{DB10B79F-A8CB-4F95-9A94-402DEFBBF21D}.Debug|Any CPU.Build.0 = Debug|Any CPU
		{DB10B79F-A8CB-4F95-9A94-402DEFBBF21D}.Release|Any CPU.ActiveCfg = Release|Any CPU
		{DB10B79F-A8CB-4F95-9A94-402DEFBBF21D}.Release|Any CPU.Build.0 = Release|Any CPU
		{859EFACB-FB4B-4E5B-AA87-51709A56AB46}.Debug|Any CPU.ActiveCfg = Debug|Any CPU
		{859EFACB-FB4B-4E5B-AA87-51709A56AB46}.Debug|Any CPU.Build.0 = Debug|Any CPU
		{859EFACB-FB4B-4E5B-AA87-51709A56AB46}.Release|Any CPU.ActiveCfg = Release|Any CPU
		{859EFACB-FB4B-4E5B-AA87-51709A56AB46}.Release|Any CPU.Build.0 = Release|Any CPU
		{EB3D4AC7-66AD-4A6A-BC95-5D1DDB5F107E}.Debug|Any CPU.ActiveCfg = Debug|Any CPU
		{EB3D4AC7-66AD-4A6A-BC95-5D1DDB5F107E}.Debug|Any CPU.Build.0 = Debug|Any CPU
		{EB3D4AC7-66AD-4A6A-BC95-5D1DDB5F107E}.Release|Any CPU.ActiveCfg = Release|Any CPU
		{EB3D4AC7-66AD-4A6A-BC95-5D1DDB5F107E}.Release|Any CPU.Build.0 = Release|Any CPU
		{F9D6E1CE-BCB6-4095-96F6-84C8C7F39D0D}.Debug|Any CPU.ActiveCfg = Debug|Any CPU
		{F9D6E1CE-BCB6-4095-96F6-84C8C7F39D0D}.Debug|Any CPU.Build.0 = Debug|Any CPU
		{F9D6E1CE-BCB6-4095-96F6-84C8C7F39D0D}.Release|Any CPU.ActiveCfg = Release|Any CPU
		{F9D6E1CE-BCB6-4095-96F6-84C8C7F39D0D}.Release|Any CPU.Build.0 = Release|Any CPU
		{622F397C-1F19-4E1E-9D5D-F99EB4486891}.Debug|Any CPU.ActiveCfg = Debug|Any CPU
		{622F397C-1F19-4E1E-9D5D-F99EB4486891}.Debug|Any CPU.Build.0 = Debug|Any CPU
		{622F397C-1F19-4E1E-9D5D-F99EB4486891}.Release|Any CPU.ActiveCfg = Release|Any CPU
		{622F397C-1F19-4E1E-9D5D-F99EB4486891}.Release|Any CPU.Build.0 = Release|Any CPU
		{F2DA856F-992F-4772-BBD0-9035CFED303E}.Debug|Any CPU.ActiveCfg = Debug|Any CPU
		{F2DA856F-992F-4772-BBD0-9035CFED303E}.Debug|Any CPU.Build.0 = Debug|Any CPU
		{F2DA856F-992F-4772-BBD0-9035CFED303E}.Release|Any CPU.ActiveCfg = Release|Any CPU
		{F2DA856F-992F-4772-BBD0-9035CFED303E}.Release|Any CPU.Build.0 = Release|Any CPU
		{6DE0833D-3A06-4154-BB3A-188AC2E308C6}.Debug|Any CPU.ActiveCfg = Debug|Any CPU
		{6DE0833D-3A06-4154-BB3A-188AC2E308C6}.Debug|Any CPU.Build.0 = Debug|Any CPU
		{6DE0833D-3A06-4154-BB3A-188AC2E308C6}.Release|Any CPU.ActiveCfg = Release|Any CPU
		{6DE0833D-3A06-4154-BB3A-188AC2E308C6}.Release|Any CPU.Build.0 = Release|Any CPU
		{597D75FB-E308-4503-A94F-53CB65E1E7EE}.Debug|Any CPU.ActiveCfg = Debug|Any CPU
		{597D75FB-E308-4503-A94F-53CB65E1E7EE}.Debug|Any CPU.Build.0 = Debug|Any CPU
		{597D75FB-E308-4503-A94F-53CB65E1E7EE}.Release|Any CPU.ActiveCfg = Release|Any CPU
		{597D75FB-E308-4503-A94F-53CB65E1E7EE}.Release|Any CPU.Build.0 = Release|Any CPU
		{5C307D6E-BCD2-4F9C-BBC5-C67368A9AE96}.Debug|Any CPU.ActiveCfg = Debug|Any CPU
		{5C307D6E-BCD2-4F9C-BBC5-C67368A9AE96}.Debug|Any CPU.Build.0 = Debug|Any CPU
		{5C307D6E-BCD2-4F9C-BBC5-C67368A9AE96}.Release|Any CPU.ActiveCfg = Release|Any CPU
		{5C307D6E-BCD2-4F9C-BBC5-C67368A9AE96}.Release|Any CPU.Build.0 = Release|Any CPU
		{7F391DE1-B684-4C61-9743-B19BB150C203}.Debug|Any CPU.ActiveCfg = Debug|Any CPU
		{7F391DE1-B684-4C61-9743-B19BB150C203}.Debug|Any CPU.Build.0 = Debug|Any CPU
		{7F391DE1-B684-4C61-9743-B19BB150C203}.Release|Any CPU.ActiveCfg = Release|Any CPU
		{7F391DE1-B684-4C61-9743-B19BB150C203}.Release|Any CPU.Build.0 = Release|Any CPU
		{81DBBA0E-032C-4A72-805A-A2023EC08CA6}.Debug|Any CPU.ActiveCfg = Debug|Any CPU
		{81DBBA0E-032C-4A72-805A-A2023EC08CA6}.Debug|Any CPU.Build.0 = Debug|Any CPU
		{81DBBA0E-032C-4A72-805A-A2023EC08CA6}.Release|Any CPU.ActiveCfg = Release|Any CPU
		{81DBBA0E-032C-4A72-805A-A2023EC08CA6}.Release|Any CPU.Build.0 = Release|Any CPU
		{C7BA642F-0741-4F7F-8C74-DEC5305B9424}.Debug|Any CPU.ActiveCfg = Debug|Any CPU
		{C7BA642F-0741-4F7F-8C74-DEC5305B9424}.Debug|Any CPU.Build.0 = Debug|Any CPU
		{C7BA642F-0741-4F7F-8C74-DEC5305B9424}.Release|Any CPU.ActiveCfg = Release|Any CPU
		{C7BA642F-0741-4F7F-8C74-DEC5305B9424}.Release|Any CPU.Build.0 = Release|Any CPU
		{E46FA646-D9C5-4B39-AD22-A03265AC953E}.Debug|Any CPU.ActiveCfg = Debug|Any CPU
		{E46FA646-D9C5-4B39-AD22-A03265AC953E}.Debug|Any CPU.Build.0 = Debug|Any CPU
		{E46FA646-D9C5-4B39-AD22-A03265AC953E}.Release|Any CPU.ActiveCfg = Release|Any CPU
		{E46FA646-D9C5-4B39-AD22-A03265AC953E}.Release|Any CPU.Build.0 = Release|Any CPU
		{D2E9369A-D82E-4585-B364-0A8ECA11D860}.Debug|Any CPU.ActiveCfg = Debug|Any CPU
		{D2E9369A-D82E-4585-B364-0A8ECA11D860}.Debug|Any CPU.Build.0 = Debug|Any CPU
		{D2E9369A-D82E-4585-B364-0A8ECA11D860}.Release|Any CPU.ActiveCfg = Release|Any CPU
		{D2E9369A-D82E-4585-B364-0A8ECA11D860}.Release|Any CPU.Build.0 = Release|Any CPU
		{DC57E63D-429F-44AF-8534-FEEE5D696872}.Debug|Any CPU.ActiveCfg = Debug|Any CPU
		{DC57E63D-429F-44AF-8534-FEEE5D696872}.Debug|Any CPU.Build.0 = Debug|Any CPU
		{DC57E63D-429F-44AF-8534-FEEE5D696872}.Release|Any CPU.ActiveCfg = Release|Any CPU
		{DC57E63D-429F-44AF-8534-FEEE5D696872}.Release|Any CPU.Build.0 = Release|Any CPU
	EndGlobalSection
	GlobalSection(SolutionProperties) = preSolution
		HideSolutionNode = FALSE
	EndGlobalSection
	GlobalSection(NestedProjects) = preSolution
		{A22C5987-CEE9-4202-9B0F-C953A515E881} = {8888319C-A20F-4CB0-B4F4-F0968DF6F085}
		{E249A78F-4667-4F82-B380-7C4D446245F4} = {8888319C-A20F-4CB0-B4F4-F0968DF6F085}
		{53508201-FA99-481C-9727-B57930D95224} = {8888319C-A20F-4CB0-B4F4-F0968DF6F085}
		{7CD15682-5FAF-4CC6-BC6B-D5F31C5C587C} = {B6833231-3DDF-4A91-9FED-BB457F97DB25}
		{FDCA4AF6-5222-4221-8DDA-4BD48AA36499} = {B6833231-3DDF-4A91-9FED-BB457F97DB25}
		{2D45B11C-FD11-4CE1-8B97-60BEE719A3EB} = {B6833231-3DDF-4A91-9FED-BB457F97DB25}
		{5EE4BEC2-B078-4AC5-B703-6E4878DEBCE0} = {7CD15682-5FAF-4CC6-BC6B-D5F31C5C587C}
		{DAEA1F9B-A204-4A91-B819-147B40E6ED99} = {7CD15682-5FAF-4CC6-BC6B-D5F31C5C587C}
		{338D0316-B108-420D-82B1-7B47F9DF926A} = {A22C5987-CEE9-4202-9B0F-C953A515E881}
		{0C9DBC35-758E-42F5-9054-20C658672BC4} = {A22C5987-CEE9-4202-9B0F-C953A515E881}
		{82DA2B18-FD99-42F4-9136-B8F2968AE9A1} = {E249A78F-4667-4F82-B380-7C4D446245F4}
		{694F7C54-CE98-4D60-9980-8263C3AC77EE} = {53508201-FA99-481C-9727-B57930D95224}
		{F25BB9F6-AB6E-4A5B-83CE-1675763ED744} = {E249A78F-4667-4F82-B380-7C4D446245F4}
		{B00D65F4-C3F7-4B4C-8248-BA5753C033F8} = {E249A78F-4667-4F82-B380-7C4D446245F4}
		{58EAA8FF-5BE4-4B79-BF9C-7231465FC6B5} = {FDCA4AF6-5222-4221-8DDA-4BD48AA36499}
		{75ECAF22-8B70-4840-8AC6-D354ABBADB39} = {53508201-FA99-481C-9727-B57930D95224}
		{5BD9FB6D-AAD8-48C4-8F99-6C5CA551D7B5} = {2D45B11C-FD11-4CE1-8B97-60BEE719A3EB}
		{62E5C1FF-BFF2-4827-95C1-6FC8ED37EC9E} = {2D45B11C-FD11-4CE1-8B97-60BEE719A3EB}
		{C638E76C-5E75-4A8C-A496-EFD8D9C942C8} = {FDCA4AF6-5222-4221-8DDA-4BD48AA36499}
		{809AC078-C7F9-48DC-B132-B7730F92C3B1} = {7C7B6CBA-4B3C-4DC8-9909-19F14BEE7C90}
		{BE56F011-5FFE-4E7D-AD7F-2F6A0F104270} = {7C7B6CBA-4B3C-4DC8-9909-19F14BEE7C90}
		{4B5B4BD4-8706-415F-A3A0-B306A773B617} = {7C7B6CBA-4B3C-4DC8-9909-19F14BEE7C90}
		{2A58BADE-0A68-43F3-B532-0A30261891E8} = {7C7B6CBA-4B3C-4DC8-9909-19F14BEE7C90}
		{8F29C9EB-5FDA-4D6E-828B-477EC9E63EB8} = {7C7B6CBA-4B3C-4DC8-9909-19F14BEE7C90}
		{16BBEBB9-49D7-47C4-9F97-84C241374C91} = {7C7B6CBA-4B3C-4DC8-9909-19F14BEE7C90}
		{B0A53D31-C748-4C8E-A285-78CF71D304F2} = {01A2B59A-F77E-4508-B122-AC6EC258C16F}
		{6273EE97-45F3-41D6-8C4D-C45596A95820} = {01A2B59A-F77E-4508-B122-AC6EC258C16F}
		{68380D1F-34BB-4D56-B0DA-56B75B6F751F} = {01A2B59A-F77E-4508-B122-AC6EC258C16F}
		{A6A5EA97-35C4-4ABD-9577-64B82D045C5A} = {E389DEB6-5F90-444B-A054-12A10D39C76F}
		{A5E8AC2E-3A4E-43A1-A9C2-46CD76E8A279} = {E389DEB6-5F90-444B-A054-12A10D39C76F}
		{B5D079EF-D767-4435-B5A4-B61DFB7D4EAB} = {E389DEB6-5F90-444B-A054-12A10D39C76F}
		{A09E5657-BB72-47A1-BF3F-2AF0923E1761} = {E389DEB6-5F90-444B-A054-12A10D39C76F}
		{55B34B22-9C62-4FEA-92D3-06899E63C56C} = {A09E5657-BB72-47A1-BF3F-2AF0923E1761}
		{F86590A8-5EBE-4F56-8F9D-610C4C301208} = {2D45B11C-FD11-4CE1-8B97-60BEE719A3EB}
		{659E6314-16A9-4787-9D8E-3161B0746A23} = {B0A53D31-C748-4C8E-A285-78CF71D304F2}
		{A24C90EB-BD99-4B8B-BF34-E75B56ED4A14} = {6273EE97-45F3-41D6-8C4D-C45596A95820}
		{0E4CA541-05B6-487A-B386-3B649C202688} = {68380D1F-34BB-4D56-B0DA-56B75B6F751F}
		{748A98C3-FE8A-4342-8DDE-01B093D1802A} = {68380D1F-34BB-4D56-B0DA-56B75B6F751F}
		{D8E1726E-F6FD-4F85-99C7-0547054F81F5} = {B0A53D31-C748-4C8E-A285-78CF71D304F2}
		{5187105C-BFC3-480A-BF2D-9EEDFBD02625} = {7C7B6CBA-4B3C-4DC8-9909-19F14BEE7C90}
		{B8DCE0B5-2E2C-413B-9E47-D3241D7F17ED} = {55AD04DB-DD0E-41A5-AFDB-9CA01E3EA682}
		{F73277D5-CAA5-4D29-B57F-88846C0EA412} = {B8DCE0B5-2E2C-413B-9E47-D3241D7F17ED}
		{03463DAC-84F2-42D9-8A7D-5F631A7A76B3} = {B8DCE0B5-2E2C-413B-9E47-D3241D7F17ED}
		{A0B5B24D-05DE-4FAC-98E2-D4417E09C87D} = {55AD04DB-DD0E-41A5-AFDB-9CA01E3EA682}
		{901AA4CC-FD5B-46B6-A95A-D326282FF916} = {13C5F2D4-D5B7-4E20-ABC6-4763992F5AAD}
		{E40969AC-458C-43CB-8897-43CF0EA63A8F} = {13C5F2D4-D5B7-4E20-ABC6-4763992F5AAD}
		{EEA1484B-91E8-42E2-B44D-4296EA198146} = {13C5F2D4-D5B7-4E20-ABC6-4763992F5AAD}
		{8DA88C60-453C-41CE-AE89-C33B1052FB56} = {901AA4CC-FD5B-46B6-A95A-D326282FF916}
		{562B1405-BD9C-495B-B366-671B3D6877DF} = {901AA4CC-FD5B-46B6-A95A-D326282FF916}
		{051CC894-E223-4F63-BECD-064186149516} = {E40969AC-458C-43CB-8897-43CF0EA63A8F}
		{DB10B79F-A8CB-4F95-9A94-402DEFBBF21D} = {EEA1484B-91E8-42E2-B44D-4296EA198146}
		{859EFACB-FB4B-4E5B-AA87-51709A56AB46} = {EEA1484B-91E8-42E2-B44D-4296EA198146}
		{EB3D4AC7-66AD-4A6A-BC95-5D1DDB5F107E} = {68380D1F-34BB-4D56-B0DA-56B75B6F751F}
		{88C3285D-63A6-4664-B838-3F702DED96E4} = {34B691D3-7697-429F-BB56-0506B75329F5}
		{C7444089-1EEF-4412-8961-4A7BB7A632A1} = {34B691D3-7697-429F-BB56-0506B75329F5}
		{20B16B24-0278-487B-9489-464FC9B12C10} = {34B691D3-7697-429F-BB56-0506B75329F5}
		{F9D6E1CE-BCB6-4095-96F6-84C8C7F39D0D} = {88C3285D-63A6-4664-B838-3F702DED96E4}
		{622F397C-1F19-4E1E-9D5D-F99EB4486891} = {88C3285D-63A6-4664-B838-3F702DED96E4}
		{F2DA856F-992F-4772-BBD0-9035CFED303E} = {20B16B24-0278-487B-9489-464FC9B12C10}
		{6DE0833D-3A06-4154-BB3A-188AC2E308C6} = {C7444089-1EEF-4412-8961-4A7BB7A632A1}
		{597D75FB-E308-4503-A94F-53CB65E1E7EE} = {20B16B24-0278-487B-9489-464FC9B12C10}
		{5C307D6E-BCD2-4F9C-BBC5-C67368A9AE96} = {C7444089-1EEF-4412-8961-4A7BB7A632A1}
		{7F391DE1-B684-4C61-9743-B19BB150C203} = {C7444089-1EEF-4412-8961-4A7BB7A632A1}
		{81DBBA0E-032C-4A72-805A-A2023EC08CA6} = {7C7B6CBA-4B3C-4DC8-9909-19F14BEE7C90}
		{C7BA642F-0741-4F7F-8C74-DEC5305B9424} = {B8DCE0B5-2E2C-413B-9E47-D3241D7F17ED}
		{515A6359-8F6E-4E0A-99DB-AD32BFCE84A7} = {55AD04DB-DD0E-41A5-AFDB-9CA01E3EA682}
		{E46FA646-D9C5-4B39-AD22-A03265AC953E} = {515A6359-8F6E-4E0A-99DB-AD32BFCE84A7}
		{D2E9369A-D82E-4585-B364-0A8ECA11D860} = {515A6359-8F6E-4E0A-99DB-AD32BFCE84A7}
		{DC57E63D-429F-44AF-8534-FEEE5D696872} = {A0B5B24D-05DE-4FAC-98E2-D4417E09C87D}
	EndGlobalSection
	GlobalSection(ExtensibilityGlobals) = postSolution
		SolutionGuid = {384484BE-4680-4529-9CC2-AD37BA4D12D1}
	EndGlobalSection
EndGlobal
